{
  "version": 4,
  "terraform_version": "1.3.0",
  "serial": 81,
  "lineage": "20d2a314-da59-1f92-0785-606f04f0be55",
  "outputs": {
    "account_id": {
      "value": "481450237232",
      "type": "string"
    },
    "amiid": {
      "value": "ami-0dbc1af54d62b8813",
      "type": "string"
    },
    "caller_arn": {
      "value": "arn:aws:iam::481450237232:user/jevon-admin",
      "type": "string"
    },
    "caller_user": {
      "value": "AIDAXAGFLTUYMX7IE5TM5",
      "type": "string"
    },
    "private_key": {
      "value": "-----BEGIN RSA PRIVATE KEY-----\nMIIEpAIBAAKCAQEAuyqIjCt5HhzwqGFQfFQR9S/IH5LUyKhqTfBNut1QbFc8mNYl\nD03o/GergD/XXbgQ6+5wsuhdK+ni/KbHg1E5Ujoa34KKHSNP8xqMaFF1EWdCnveg\nOxKvciaHKXR59ZWgJV7YTBGnG0kFBNFkeaUg4RDbPDAWE/Q0Y3Cwwv/OLtmSteOd\nsWeLtfC3vgaHlRrY391OUsBWQRyaPxtQigGhYn0OSGTRfmWJTTfya28fXvwV/Nsq\nD5I5URI/x6oETBqD55OYc6bZR0ameZ80qqWlKqzgNAhhso+KenhXSgCXgTCaYVhv\nW1Dej4l1LHmYhO6XCdN/gml99iv6BM7T7FEl+QIDAQABAoIBACqR4ADRmnio6GvD\nxoSgsnzr4z6bLN5+v77+Ww+XasVZiiTRABjdBZLzGWTQIHHmfaLL1sI6a4ajacdB\nP7u0a68yHA6eKD+8WmDWtvy7Gj9dFyAE/mKxO0phTPi2z052O7iEO/oBQdrI3uVb\notiwICxQoyyrWzoqnwfHB80yVXj+C6Zr80zR6FqS5kzzZJI2069tLkDS3DXfsHCx\nDwZrK1ZXdTYQdX692ZWESs/QEJGmafccgiO6GDeGw+Qm/ZUP6HGcYK5dI9x83jYq\ngpJO0ysIHauhv/ETxNZFuV4lcrNSPYByVvrd2WWbPcSoWUpb7WCtJ3Ti1gbEjJD6\npy3FBCECgYEA7RDIwKQCzF06f9dBEz2fxdCpUPmmztEyFORsyiIrJDrSb8ul8skx\n8w1mp4k1puqO+eqMf5aalG5sd0cRqu9562vazuw4icsc63uNylr++eL65p3ceMH3\nQi2njPV2up8biahA8IiZWgMbF3qSoO42mYbzWpLUlrCwV5WVmB0AGf0CgYEAyh14\nH+pwtwahqbNs6XomGQgcxocSx2p9oWkVGEI5CgbiX+DGOmXeFnL29570dSmHh8Mx\nwdwgsQ0es0JXICunrg/9lRmws9LYp+B7Q9Og8Rz6VdnquT/x7wcCdu8go3kzLMYl\nn11m9z9x6iXlN1ymEJlC/0oENiR/mJWjgWSOzq0CgYEAwcU2Uj+9Cc4qQtRvHIsC\nTW6A9u8YqXPUu776LT5AhRyPZVHQEuLhMQmDHu3ILOcMdrqAnMk9EJYxkk1E47Na\ntFM0Rm5OyFJ9EP2sp/o474fYDSh7TTk+IZmvmkgJBAGJQLuGWRVOQ4TGYCqQL3qG\npnbn8uCRY5qIiQ57eBo8OwECgYEAo/A/TXP1tR9V5bY5sy9203r3DDjnjITeHhyE\nFccxSObIm4hQgXG7MG5T0ApIsvfajM5Q/7OzeKjxq+k1jkyal980isnpwBJX1eOJ\nWDzCIJCmpRg7AcPSU1VWNG5GBRL75WdbgOZb7FSz636Na9hkgrYt17CLtfbo4DUQ\nCJYuF4kCgYB9a9HJe4dqHbxMtbx6fs4R5NuX+/OkmVyrbrl73tOYsqIO27YrBla2\ne7YxpeslcH5NJ0GZQa5npJpJRQWsKA7TEV+RCSCJaiC+aSmubswCgOVRp7Eh+0bt\nkbRmgUkr7044AoK6ZGwL8qzhMAGWQWuq1i67q4p/370e/FILgbATMg==\n-----END RSA PRIVATE KEY-----\n",
      "type": "string",
      "sensitive": true
    },
    "region": {
      "value": "us-east-1",
      "type": "string"
    }
  },
  "resources": [
    {
      "mode": "data",
      "type": "aws_ami",
      "name": "linux_ami",
      "provider": "provider[\"registry.terraform.io/hashicorp/aws\"]",
      "instances": [
        {
          "schema_version": 0,
          "attributes": {
            "architecture": "x86_64",
            "arn": "arn:aws:ec2:us-east-1::image/ami-0dbc1af54d62b8813",
            "block_device_mappings": [
              {
                "device_name": "/dev/sda1",
                "ebs": {
                  "delete_on_termination": "true",
                  "encrypted": "false",
                  "iops": "0",
                  "snapshot_id": "snap-04a508365c8046369",
                  "throughput": "0",
                  "volume_size": "10",
                  "volume_type": "gp2"
                },
                "no_device": "",
                "virtual_name": ""
              },
              {
                "device_name": "/dev/sdb",
                "ebs": {},
                "no_device": "",
                "virtual_name": "ephemeral0"
              },
              {
                "device_name": "/dev/sdc",
                "ebs": {},
                "no_device": "",
                "virtual_name": "ephemeral1"
              }
            ],
            "boot_mode": "",
            "creation_date": "2022-10-06T20:37:29.000Z",
            "deprecation_time": "2024-10-06T20:37:29.000Z",
            "description": "Cloud9 Cloud9Ubuntu AMI",
            "ena_support": true,
            "executable_users": null,
            "filter": [
              {
                "name": "root-device-type",
                "values": [
                  "ebs"
                ]
              },
              {
                "name": "virtualization-type",
                "values": [
                  "hvm"
                ]
              }
            ],
            "hypervisor": "xen",
            "id": "ami-0dbc1af54d62b8813",
            "image_id": "ami-0dbc1af54d62b8813",
            "image_location": "amazon/Cloud9Ubuntu-2022-10-06T20-05",
            "image_owner_alias": "amazon",
            "image_type": "machine",
            "imds_support": "",
            "include_deprecated": false,
            "kernel_id": "",
            "most_recent": true,
            "name": "Cloud9Ubuntu-2022-10-06T20-05",
            "name_regex": null,
            "owner_id": "327094444948",
            "owners": [
              "amazon"
            ],
            "platform": "",
            "platform_details": "Linux/UNIX",
            "product_codes": [],
            "public": true,
            "ramdisk_id": "",
            "root_device_name": "/dev/sda1",
            "root_device_type": "ebs",
            "root_snapshot_id": "snap-04a508365c8046369",
            "sriov_net_support": "simple",
            "state": "available",
            "state_reason": {
              "code": "UNSET",
              "message": "UNSET"
            },
            "tags": {},
            "timeouts": null,
            "tpm_support": "",
            "usage_operation": "RunInstances",
            "virtualization_type": "hvm"
          },
          "sensitive_attributes": []
        }
      ]
    },
    {
      "mode": "data",
      "type": "aws_caller_identity",
      "name": "current",
      "provider": "provider[\"registry.terraform.io/hashicorp/aws\"]",
      "instances": [
        {
          "schema_version": 0,
          "attributes": {
            "account_id": "481450237232",
            "arn": "arn:aws:iam::481450237232:user/jevon-admin",
            "id": "481450237232",
            "user_id": "AIDAXAGFLTUYMX7IE5TM5"
          },
          "sensitive_attributes": []
        }
      ]
    },
    {
      "mode": "data",
      "type": "aws_iam_policy_document",
      "name": "s3_access_policy_data",
      "provider": "provider[\"registry.terraform.io/hashicorp/aws\"]",
      "instances": [
        {
          "schema_version": 0,
          "attributes": {
            "id": "831507189",
            "json": "{\n  \"Version\": \"2012-10-17\",\n  \"Statement\": [\n    {\n      \"Sid\": \"allowS3\",\n      \"Effect\": \"Allow\",\n      \"Action\": [\n        \"s3:Put*\",\n        \"s3:List*\",\n        \"s3:Get*\",\n        \"s3:Delete*\"\n      ],\n      \"Resource\": [\n        \"arn:aws:s3:::aws-temp-extremely-polite-bear/*\",\n        \"arn:aws:s3:::aws-temp-extremely-polite-bear\"\n      ]\n    }\n  ]\n}",
            "override_json": null,
            "override_policy_documents": null,
            "policy_id": null,
            "source_json": null,
            "source_policy_documents": null,
            "statement": [
              {
                "actions": [
                  "s3:Delete*",
                  "s3:Get*",
                  "s3:List*",
                  "s3:Put*"
                ],
                "condition": [],
                "effect": "Allow",
                "not_actions": [],
                "not_principals": [],
                "not_resources": [],
                "principals": [],
                "resources": [
                  "arn:aws:s3:::aws-temp-extremely-polite-bear",
                  "arn:aws:s3:::aws-temp-extremely-polite-bear/*"
                ],
                "sid": "allowS3"
              }
            ],
            "version": "2012-10-17"
          },
          "sensitive_attributes": []
        }
      ]
    },
    {
      "mode": "data",
      "type": "aws_region",
      "name": "current",
      "provider": "provider[\"registry.terraform.io/hashicorp/aws\"]",
      "instances": [
        {
          "schema_version": 0,
          "attributes": {
            "description": "US East (N. Virginia)",
            "endpoint": "ec2.us-east-1.amazonaws.com",
            "id": "us-east-1",
            "name": "us-east-1"
          },
          "sensitive_attributes": []
        }
      ]
    },
    {
      "mode": "managed",
      "type": "aws_default_vpc",
      "name": "default",
      "provider": "provider[\"registry.terraform.io/hashicorp/aws\"]",
      "instances": [
        {
          "schema_version": 1,
          "attributes": {
            "arn": "arn:aws:ec2:us-east-1:481450237232:vpc/vpc-0595ecb7dab93b194",
            "assign_generated_ipv6_cidr_block": false,
            "cidr_block": "172.31.0.0/16",
            "default_network_acl_id": "acl-0042decbbb54448b6",
            "default_route_table_id": "rtb-054423dc705c941d2",
            "default_security_group_id": "sg-0aec40c937a0a5ad4",
            "dhcp_options_id": "dopt-03e1e7e9238fe30ad",
            "enable_classiclink": false,
            "enable_classiclink_dns_support": false,
            "enable_dns_hostnames": true,
            "enable_dns_support": true,
            "existing_default_vpc": true,
            "force_destroy": false,
            "id": "vpc-0595ecb7dab93b194",
            "instance_tenancy": "default",
            "ipv6_association_id": "",
            "ipv6_cidr_block": "",
            "ipv6_cidr_block_network_border_group": "",
            "ipv6_ipam_pool_id": "",
            "ipv6_netmask_length": 0,
            "main_route_table_id": "rtb-054423dc705c941d2",
            "owner_id": "481450237232",
            "tags": {
              "Name": "Default VPC"
            },
            "tags_all": {
              "Name": "Default VPC"
            }
          },
          "sensitive_attributes": [],
          "private": "eyJzY2hlbWFfdmVyc2lvbiI6IjEifQ=="
        }
      ]
    },
    {
      "mode": "managed",
      "type": "aws_iam_instance_profile",
      "name": "ec2_instance_profile_role",
      "provider": "provider[\"registry.terraform.io/hashicorp/aws\"]",
      "instances": [
        {
          "schema_version": 0,
          "attributes": {
            "arn": "arn:aws:iam::481450237232:instance-profile/ec2instanceprofilerolefors3",
            "create_date": "2022-10-07T00:03:56Z",
            "id": "ec2instanceprofilerolefors3",
            "name": "ec2instanceprofilerolefors3",
            "name_prefix": null,
            "path": "/",
            "role": "S3_EC2_Integration_role",
            "tags": {},
            "tags_all": {},
            "unique_id": "AIPAXAGFLTUYLZEQCX37G"
          },
          "sensitive_attributes": [],
          "private": "bnVsbA==",
          "dependencies": [
            "aws_iam_role.s3_ec2_access"
          ]
        }
      ]
    },
    {
      "mode": "managed",
      "type": "aws_iam_policy",
      "name": "s3_access_policy",
      "provider": "provider[\"registry.terraform.io/hashicorp/aws\"]",
      "instances": [
        {
          "schema_version": 0,
          "attributes": {
            "arn": "arn:aws:iam::481450237232:policy/S3_EC2_integration_policy",
            "description": "test - access to source and destination S3 bucket",
            "id": "arn:aws:iam::481450237232:policy/S3_EC2_integration_policy",
            "name": "S3_EC2_integration_policy",
            "name_prefix": null,
            "path": "/",
            "policy": "{\"Statement\":[{\"Action\":[\"s3:Put*\",\"s3:List*\",\"s3:Get*\",\"s3:Delete*\"],\"Effect\":\"Allow\",\"Resource\":[\"arn:aws:s3:::aws-temp-extremely-polite-bear/*\",\"arn:aws:s3:::aws-temp-extremely-polite-bear\"],\"Sid\":\"allowS3\"}],\"Version\":\"2012-10-17\"}",
            "policy_id": "ANPAXAGFLTUYHCSWDULFD",
            "tags": {},
            "tags_all": {}
          },
          "sensitive_attributes": [],
          "private": "bnVsbA==",
          "dependencies": [
            "data.aws_iam_policy_document.s3_access_policy_data"
          ]
        }
      ]
    },
    {
      "mode": "managed",
      "type": "aws_iam_role",
      "name": "s3_ec2_access",
      "provider": "provider[\"registry.terraform.io/hashicorp/aws\"]",
      "instances": [
        {
          "schema_version": 0,
          "attributes": {
            "arn": "arn:aws:iam::481450237232:role/S3_EC2_Integration_role",
            "assume_role_policy": "{\"Statement\":[{\"Action\":\"sts:AssumeRole\",\"Effect\":\"Allow\",\"Principal\":{\"Service\":\"ec2.amazonaws.com\"},\"Sid\":\"\"}],\"Version\":\"2012-10-17\"}",
            "create_date": "2022-10-07T00:03:55Z",
            "description": "S3_ec2_accesss",
            "force_detach_policies": false,
            "id": "S3_EC2_Integration_role",
            "inline_policy": [],
            "managed_policy_arns": [
              "arn:aws:iam::481450237232:policy/S3_EC2_integration_policy"
            ],
            "max_session_duration": 3600,
            "name": "S3_EC2_Integration_role",
            "name_prefix": "",
            "path": "/",
            "permissions_boundary": null,
            "tags": {},
            "tags_all": {},
            "unique_id": "AROAXAGFLTUYHXJSMKYQA"
          },
          "sensitive_attributes": [],
          "private": "bnVsbA=="
        }
      ]
    },
    {
      "mode": "managed",
      "type": "aws_iam_role_policy_attachment",
      "name": "S3_EC2_policy_attachment",
      "provider": "provider[\"registry.terraform.io/hashicorp/aws\"]",
      "instances": [
        {
          "schema_version": 0,
          "attributes": {
            "id": "S3_EC2_Integration_role-20221007000356419400000001",
            "policy_arn": "arn:aws:iam::481450237232:policy/S3_EC2_integration_policy",
            "role": "S3_EC2_Integration_role"
          },
          "sensitive_attributes": [],
          "private": "bnVsbA==",
          "dependencies": [
            "aws_iam_policy.s3_access_policy",
            "aws_iam_role.s3_ec2_access",
            "data.aws_iam_policy_document.s3_access_policy_data"
          ]
        }
      ]
    },
    {
      "mode": "managed",
      "type": "aws_instance",
      "name": "my_vm2",
      "provider": "provider[\"registry.terraform.io/hashicorp/aws\"]",
      "instances": [
        {
          "schema_version": 1,
          "attributes": {
            "ami": "ami-0dbc1af54d62b8813",
            "arn": "arn:aws:ec2:us-east-1:481450237232:instance/i-015dfb52bf85020f9",
            "associate_public_ip_address": true,
            "availability_zone": "us-east-1b",
            "capacity_reservation_specification": [
              {
                "capacity_reservation_preference": "open",
                "capacity_reservation_target": []
              }
            ],
            "cpu_core_count": 1,
            "cpu_threads_per_core": 1,
            "credit_specification": [
              {
                "cpu_credits": "standard"
              }
            ],
            "disable_api_stop": false,
            "disable_api_termination": false,
            "ebs_block_device": [],
            "ebs_optimized": false,
            "enclave_options": [
              {
                "enabled": false
              }
            ],
            "ephemeral_block_device": [],
            "get_password_data": false,
            "hibernation": false,
            "host_id": null,
            "host_resource_group_arn": null,
            "iam_instance_profile": "ec2instanceprofilerolefors3",
            "id": "i-015dfb52bf85020f9",
            "instance_initiated_shutdown_behavior": "stop",
            "instance_state": "running",
            "instance_type": "t2.micro",
            "ipv6_address_count": 0,
            "ipv6_addresses": [],
            "key_name": "ec2-us-east-1-key1",
            "launch_template": [],
            "maintenance_options": [
              {
                "auto_recovery": "default"
              }
            ],
            "metadata_options": [
              {
                "http_endpoint": "enabled",
                "http_put_response_hop_limit": 1,
                "http_tokens": "optional",
                "instance_metadata_tags": "disabled"
              }
            ],
            "monitoring": false,
            "network_interface": [],
            "outpost_arn": "",
            "password_data": "",
            "placement_group": "",
            "placement_partition_number": null,
            "primary_network_interface_id": "eni-010b27f8f27560376",
            "private_dns": "ip-172-31-89-211.ec2.internal",
            "private_dns_name_options": [
              {
                "enable_resource_name_dns_a_record": false,
                "enable_resource_name_dns_aaaa_record": false,
                "hostname_type": "ip-name"
              }
            ],
            "private_ip": "172.31.89.211",
            "public_dns": "ec2-54-145-254-117.compute-1.amazonaws.com",
            "public_ip": "54.145.254.117",
            "root_block_device": [
              {
                "delete_on_termination": true,
                "device_name": "/dev/sda1",
                "encrypted": false,
                "iops": 100,
                "kms_key_id": "",
                "tags": {},
                "throughput": 0,
                "volume_id": "vol-05569c9aea11b5236",
                "volume_size": 10,
                "volume_type": "gp2"
              }
            ],
            "secondary_private_ips": [],
            "security_groups": [
              "ec2SG"
            ],
            "source_dest_check": true,
            "subnet_id": "subnet-0d421776f596b0242",
            "tags": {
              "CombineText": "created using Terraform and Environment is dev",
              "Envname": "dev",
              "Name": "My EC2 terraform Instance"
            },
            "tags_all": {
              "CombineText": "created using Terraform and Environment is dev",
              "Envname": "dev",
              "Name": "My EC2 terraform Instance"
            },
            "tenancy": "default",
            "timeouts": null,
            "user_data": null,
            "user_data_base64": null,
            "user_data_replace_on_change": false,
            "volume_tags": null,
            "vpc_security_group_ids": [
              "sg-0b0eee370e8fdc145"
            ]
          },
          "sensitive_attributes": [],
          "private": "eyJlMmJmYjczMC1lY2FhLTExZTYtOGY4OC0zNDM2M2JjN2M0YzAiOnsiY3JlYXRlIjo2MDAwMDAwMDAwMDAsImRlbGV0ZSI6MTIwMDAwMDAwMDAwMCwidXBkYXRlIjo2MDAwMDAwMDAwMDB9LCJzY2hlbWFfdmVyc2lvbiI6IjEifQ==",
          "dependencies": [
            "aws_default_vpc.default",
            "aws_iam_instance_profile.ec2_instance_profile_role",
            "aws_iam_role.s3_ec2_access",
            "aws_key_pair.deployer",
            "aws_security_group.ec2SG",
            "data.aws_ami.linux_ami",
            "tls_private_key.my_key"
          ]
        }
      ]
    },
    {
      "mode": "managed",
      "type": "aws_key_pair",
      "name": "deployer",
      "provider": "provider[\"registry.terraform.io/hashicorp/aws\"]",
      "instances": [
        {
          "schema_version": 1,
          "attributes": {
            "arn": "arn:aws:ec2:us-east-1:481450237232:key-pair/ec2-us-east-1-key1",
            "fingerprint": "c0:d7:1a:5b:77:37:6e:52:c5:38:17:02:49:5f:4a:2c",
            "id": "ec2-us-east-1-key1",
            "key_name": "ec2-us-east-1-key1",
            "key_name_prefix": "",
            "key_pair_id": "key-01ca619f53f07caf5",
            "key_type": "rsa",
            "public_key": "ssh-rsa AAAAB3NzaC1yc2EAAAADAQABAAABAQC7KoiMK3keHPCoYVB8VBH1L8gfktTIqGpN8E263VBsVzyY1iUPTej8Z6uAP9dduBDr7nCy6F0r6eL8pseDUTlSOhrfgoodI0/zGoxoUXURZ0Ke96A7Eq9yJocpdHn1laAlXthMEacbSQUE0WR5pSDhENs8MBYT9DRjcLDC/84u2ZK1452xZ4u18Le+BoeVGtjf3U5SwFZBHJo/G1CKAaFifQ5IZNF+ZYlNN/Jrbx9e/BX82yoPkjlREj/HqgRMGoPnk5hzptlHRqZ5nzSqpaUqrOA0CGGyj4p6eFdKAJeBMJphWG9bUN6PiXUseZiE7pcJ03+CaX32K/oEztPsUSX5",
            "tags": {},
            "tags_all": {}
          },
          "sensitive_attributes": [],
          "private": "eyJzY2hlbWFfdmVyc2lvbiI6IjEifQ==",
          "dependencies": [
            "tls_private_key.my_key"
          ]
        }
      ]
    },
    {
      "mode": "managed",
      "type": "aws_s3_bucket",
      "name": "my_test_bucket",
      "provider": "provider[\"registry.terraform.io/hashicorp/aws\"]",
      "instances": [
        {
          "schema_version": 0,
          "attributes": {
            "acceleration_status": "",
            "acl": "public-read",
            "arn": "arn:aws:s3:::aws-temp-extremely-polite-bear",
            "bucket": "aws-temp-extremely-polite-bear",
            "bucket_domain_name": "aws-temp-extremely-polite-bear.s3.amazonaws.com",
            "bucket_prefix": null,
            "bucket_regional_domain_name": "aws-temp-extremely-polite-bear.s3.amazonaws.com",
            "cors_rule": [],
            "force_destroy": false,
            "grant": [
              {
                "id": "",
                "permissions": [
                  "READ"
                ],
                "type": "Group",
                "uri": "http://acs.amazonaws.com/groups/global/AllUsers"
              },
              {
                "id": "b2afbc2b9350e7be3357b1b5f5193f3dfeeaaa602d83ae5cbfe96634c09c670f",
                "permissions": [
                  "FULL_CONTROL"
                ],
                "type": "CanonicalUser",
                "uri": ""
              }
            ],
            "hosted_zone_id": "Z3AQBSTGFYJSTF",
            "id": "aws-temp-extremely-polite-bear",
            "lifecycle_rule": [],
            "logging": [],
            "object_lock_configuration": [],
            "object_lock_enabled": false,
            "policy": "",
            "region": "us-east-1",
            "replication_configuration": [],
            "request_payer": "BucketOwner",
            "server_side_encryption_configuration": [],
            "tags": {
              "Environment": "dev",
              "Name": "aws-temp-extremely-polite-bear"
            },
            "tags_all": {
              "Environment": "dev",
              "Name": "aws-temp-extremely-polite-bear"
            },
            "timeouts": null,
            "versioning": [
              {
                "enabled": false,
                "mfa_delete": false
              }
            ],
            "website": [
              {
                "error_document": "error.html",
                "index_document": "index.html",
                "redirect_all_requests_to": "",
                "routing_rules": ""
              }
            ],
            "website_domain": "s3-website-us-east-1.amazonaws.com",
            "website_endpoint": "aws-temp-extremely-polite-bear.s3-website-us-east-1.amazonaws.com"
          },
          "sensitive_attributes": [],
          "private": "eyJlMmJmYjczMC1lY2FhLTExZTYtOGY4OC0zNDM2M2JjN2M0YzAiOnsiY3JlYXRlIjoxMjAwMDAwMDAwMDAwLCJkZWxldGUiOjM2MDAwMDAwMDAwMDAsInJlYWQiOjEyMDAwMDAwMDAwMDAsInVwZGF0ZSI6MTIwMDAwMDAwMDAwMH19",
          "dependencies": [
            "random_pet.this"
          ]
        }
      ]
    },
    {
      "mode": "managed",
      "type": "aws_security_group",
      "name": "ec2SG",
      "provider": "provider[\"registry.terraform.io/hashicorp/aws\"]",
      "instances": [
        {
          "schema_version": 1,
          "attributes": {
            "arn": "arn:aws:ec2:us-east-1:481450237232:security-group/sg-0b0eee370e8fdc145",
            "description": "Allow SSH and HTTP",
            "egress": [
              {
                "cidr_blocks": [
                  "0.0.0.0/0"
                ],
                "description": "",
                "from_port": 0,
                "ipv6_cidr_blocks": [],
                "prefix_list_ids": [],
                "protocol": "-1",
                "security_groups": [],
                "self": false,
                "to_port": 0
              }
            ],
            "id": "sg-0b0eee370e8fdc145",
            "ingress": [
              {
                "cidr_blocks": [
                  "0.0.0.0/0"
                ],
                "description": "HTTP from VPC",
                "from_port": 80,
                "ipv6_cidr_blocks": [],
                "prefix_list_ids": [],
                "protocol": "tcp",
                "security_groups": [],
                "self": false,
                "to_port": 80
              },
              {
                "cidr_blocks": [
                  "0.0.0.0/0"
                ],
                "description": "SSH from VPC",
                "from_port": 22,
                "ipv6_cidr_blocks": [],
                "prefix_list_ids": [],
                "protocol": "tcp",
                "security_groups": [],
                "self": false,
                "to_port": 22
              }
            ],
            "name": "ec2SG",
            "name_prefix": "",
            "owner_id": "481450237232",
            "revoke_rules_on_delete": false,
            "tags": {},
            "tags_all": {},
            "timeouts": null,
            "vpc_id": "vpc-0595ecb7dab93b194"
          },
          "sensitive_attributes": [],
          "private": "eyJlMmJmYjczMC1lY2FhLTExZTYtOGY4OC0zNDM2M2JjN2M0YzAiOnsiY3JlYXRlIjo2MDAwMDAwMDAwMDAsImRlbGV0ZSI6OTAwMDAwMDAwMDAwfSwic2NoZW1hX3ZlcnNpb24iOiIxIn0=",
          "dependencies": [
            "aws_default_vpc.default"
          ]
        }
      ]
    },
    {
      "mode": "managed",
      "type": "random_pet",
      "name": "this",
      "provider": "provider[\"registry.terraform.io/hashicorp/random\"]",
      "instances": [
        {
          "schema_version": 0,
          "attributes": {
            "id": "extremely-polite-bear",
            "keepers": null,
            "length": 3,
            "prefix": null,
            "separator": "-"
          },
          "sensitive_attributes": []
        }
      ]
    },
    {
      "mode": "managed",
      "type": "tls_private_key",
      "name": "my_key",
      "provider": "provider[\"registry.terraform.io/hashicorp/tls\"]",
      "instances": [
        {
          "schema_version": 1,
          "attributes": {
            "algorithm": "RSA",
            "ecdsa_curve": "P224",
            "id": "f3356288b4fe38420445794b58d07419dae05cda",
            "private_key_openssh": "-----BEGIN OPENSSH PRIVATE KEY-----\nb3BlbnNzaC1rZXktdjEAAAAABG5vbmUAAAAEbm9uZQAAAAAAAAABAAABFwAAAAdz\nc2gtcnNhAAAAAwEAAQAAAQEAuyqIjCt5HhzwqGFQfFQR9S/IH5LUyKhqTfBNut1Q\nbFc8mNYlD03o/GergD/XXbgQ6+5wsuhdK+ni/KbHg1E5Ujoa34KKHSNP8xqMaFF1\nEWdCnvegOxKvciaHKXR59ZWgJV7YTBGnG0kFBNFkeaUg4RDbPDAWE/Q0Y3Cwwv/O\nLtmSteOdsWeLtfC3vgaHlRrY391OUsBWQRyaPxtQigGhYn0OSGTRfmWJTTfya28f\nXvwV/NsqD5I5URI/x6oETBqD55OYc6bZR0ameZ80qqWlKqzgNAhhso+KenhXSgCX\ngTCaYVhvW1Dej4l1LHmYhO6XCdN/gml99iv6BM7T7FEl+QAAA7iIeyDyiHsg8gAA\nAAdzc2gtcnNhAAABAQC7KoiMK3keHPCoYVB8VBH1L8gfktTIqGpN8E263VBsVzyY\n1iUPTej8Z6uAP9dduBDr7nCy6F0r6eL8pseDUTlSOhrfgoodI0/zGoxoUXURZ0Ke\n96A7Eq9yJocpdHn1laAlXthMEacbSQUE0WR5pSDhENs8MBYT9DRjcLDC/84u2ZK1\n452xZ4u18Le+BoeVGtjf3U5SwFZBHJo/G1CKAaFifQ5IZNF+ZYlNN/Jrbx9e/BX8\n2yoPkjlREj/HqgRMGoPnk5hzptlHRqZ5nzSqpaUqrOA0CGGyj4p6eFdKAJeBMJph\nWG9bUN6PiXUseZiE7pcJ03+CaX32K/oEztPsUSX5AAAAAwEAAQAAAQAqkeAA0Zp4\nqOhrw8aEoLJ86+M+myzefr++/lsPl2rFWYok0QAY3QWS8xlk0CBx5n2iy9bCOmuG\no2nHQT+7tGuvMhwOnig/vFpg1rb8uxo/XRcgBP5isTtKYUz4ts9Odju4hDv6AUHa\nyN7lW6LYsCAsUKMsq1s6Kp8HxwfNMlV4/guma/NM0ehakuZM82SSNtOvbS5A0tw1\n37BwsQ8GaytWV3U2EHV+vdmVhErP0BCRpmn3HIIjuhg3hsPkJv2VD+hxnGCuXSPc\nfN42KoKSTtMrCB2rob/xE8TWRbleJXKzUj2Aclb63dllmz3EqFlKW+1grSd04tYG\nxIyQ+qctxQQhAAAAgH1r0cl7h2odvEy1vHp+zhHk25f786SZXKtuuXve05iyog7b\ntisGVrZ7tjGl6yVwfk0nQZlBrmekmklFBawoDtMRX5EJIIlqIL5pKa5uzAKA5VGn\nsSH7Ru2RtGaBSSvvTjgCgrpkbAvyrOEwAZZBa6rWLrurin/fvR78UguBsBMyAAAA\ngQDtEMjApALMXTp/10ETPZ/F0KlQ+abO0TIU5GzKIiskOtJvy6XyyTHzDWaniTWm\n6o756ox/lpqUbmx3RxGq73nra9rO7DiJyxzre43KWv754vrmndx4wfdCLaeM9Xa6\nnxuJqEDwiJlaAxsXepKg7jaZhvNaktSWsLBXlZWYHQAZ/QAAAIEAyh14H+pwtwah\nqbNs6XomGQgcxocSx2p9oWkVGEI5CgbiX+DGOmXeFnL29570dSmHh8MxwdwgsQ0e\ns0JXICunrg/9lRmws9LYp+B7Q9Og8Rz6VdnquT/x7wcCdu8go3kzLMYln11m9z9x\n6iXlN1ymEJlC/0oENiR/mJWjgWSOzq0AAAAAAQID\n-----END OPENSSH PRIVATE KEY-----\n",
            "private_key_pem": "-----BEGIN RSA PRIVATE KEY-----\nMIIEpAIBAAKCAQEAuyqIjCt5HhzwqGFQfFQR9S/IH5LUyKhqTfBNut1QbFc8mNYl\nD03o/GergD/XXbgQ6+5wsuhdK+ni/KbHg1E5Ujoa34KKHSNP8xqMaFF1EWdCnveg\nOxKvciaHKXR59ZWgJV7YTBGnG0kFBNFkeaUg4RDbPDAWE/Q0Y3Cwwv/OLtmSteOd\nsWeLtfC3vgaHlRrY391OUsBWQRyaPxtQigGhYn0OSGTRfmWJTTfya28fXvwV/Nsq\nD5I5URI/x6oETBqD55OYc6bZR0ameZ80qqWlKqzgNAhhso+KenhXSgCXgTCaYVhv\nW1Dej4l1LHmYhO6XCdN/gml99iv6BM7T7FEl+QIDAQABAoIBACqR4ADRmnio6GvD\nxoSgsnzr4z6bLN5+v77+Ww+XasVZiiTRABjdBZLzGWTQIHHmfaLL1sI6a4ajacdB\nP7u0a68yHA6eKD+8WmDWtvy7Gj9dFyAE/mKxO0phTPi2z052O7iEO/oBQdrI3uVb\notiwICxQoyyrWzoqnwfHB80yVXj+C6Zr80zR6FqS5kzzZJI2069tLkDS3DXfsHCx\nDwZrK1ZXdTYQdX692ZWESs/QEJGmafccgiO6GDeGw+Qm/ZUP6HGcYK5dI9x83jYq\ngpJO0ysIHauhv/ETxNZFuV4lcrNSPYByVvrd2WWbPcSoWUpb7WCtJ3Ti1gbEjJD6\npy3FBCECgYEA7RDIwKQCzF06f9dBEz2fxdCpUPmmztEyFORsyiIrJDrSb8ul8skx\n8w1mp4k1puqO+eqMf5aalG5sd0cRqu9562vazuw4icsc63uNylr++eL65p3ceMH3\nQi2njPV2up8biahA8IiZWgMbF3qSoO42mYbzWpLUlrCwV5WVmB0AGf0CgYEAyh14\nH+pwtwahqbNs6XomGQgcxocSx2p9oWkVGEI5CgbiX+DGOmXeFnL29570dSmHh8Mx\nwdwgsQ0es0JXICunrg/9lRmws9LYp+B7Q9Og8Rz6VdnquT/x7wcCdu8go3kzLMYl\nn11m9z9x6iXlN1ymEJlC/0oENiR/mJWjgWSOzq0CgYEAwcU2Uj+9Cc4qQtRvHIsC\nTW6A9u8YqXPUu776LT5AhRyPZVHQEuLhMQmDHu3ILOcMdrqAnMk9EJYxkk1E47Na\ntFM0Rm5OyFJ9EP2sp/o474fYDSh7TTk+IZmvmkgJBAGJQLuGWRVOQ4TGYCqQL3qG\npnbn8uCRY5qIiQ57eBo8OwECgYEAo/A/TXP1tR9V5bY5sy9203r3DDjnjITeHhyE\nFccxSObIm4hQgXG7MG5T0ApIsvfajM5Q/7OzeKjxq+k1jkyal980isnpwBJX1eOJ\nWDzCIJCmpRg7AcPSU1VWNG5GBRL75WdbgOZb7FSz636Na9hkgrYt17CLtfbo4DUQ\nCJYuF4kCgYB9a9HJe4dqHbxMtbx6fs4R5NuX+/OkmVyrbrl73tOYsqIO27YrBla2\ne7YxpeslcH5NJ0GZQa5npJpJRQWsKA7TEV+RCSCJaiC+aSmubswCgOVRp7Eh+0bt\nkbRmgUkr7044AoK6ZGwL8qzhMAGWQWuq1i67q4p/370e/FILgbATMg==\n-----END RSA PRIVATE KEY-----\n",
            "private_key_pem_pkcs8": "-----BEGIN PRIVATE KEY-----\nMIIEvgIBADANBgkqhkiG9w0BAQEFAASCBKgwggSkAgEAAoIBAQC7KoiMK3keHPCo\nYVB8VBH1L8gfktTIqGpN8E263VBsVzyY1iUPTej8Z6uAP9dduBDr7nCy6F0r6eL8\npseDUTlSOhrfgoodI0/zGoxoUXURZ0Ke96A7Eq9yJocpdHn1laAlXthMEacbSQUE\n0WR5pSDhENs8MBYT9DRjcLDC/84u2ZK1452xZ4u18Le+BoeVGtjf3U5SwFZBHJo/\nG1CKAaFifQ5IZNF+ZYlNN/Jrbx9e/BX82yoPkjlREj/HqgRMGoPnk5hzptlHRqZ5\nnzSqpaUqrOA0CGGyj4p6eFdKAJeBMJphWG9bUN6PiXUseZiE7pcJ03+CaX32K/oE\nztPsUSX5AgMBAAECggEAKpHgANGaeKjoa8PGhKCyfOvjPpss3n6/vv5bD5dqxVmK\nJNEAGN0FkvMZZNAgceZ9osvWwjprhqNpx0E/u7RrrzIcDp4oP7xaYNa2/LsaP10X\nIAT+YrE7SmFM+LbPTnY7uIQ7+gFB2sje5Vui2LAgLFCjLKtbOiqfB8cHzTJVeP4L\npmvzTNHoWpLmTPNkkjbTr20uQNLcNd+wcLEPBmsrVld1NhB1fr3ZlYRKz9AQkaZp\n9xyCI7oYN4bD5Cb9lQ/ocZxgrl0j3HzeNiqCkk7TKwgdq6G/8RPE1kW5XiVys1I9\ngHJW+t3ZZZs9xKhZSlvtYK0ndOLWBsSMkPqnLcUEIQKBgQDtEMjApALMXTp/10ET\nPZ/F0KlQ+abO0TIU5GzKIiskOtJvy6XyyTHzDWaniTWm6o756ox/lpqUbmx3RxGq\n73nra9rO7DiJyxzre43KWv754vrmndx4wfdCLaeM9Xa6nxuJqEDwiJlaAxsXepKg\n7jaZhvNaktSWsLBXlZWYHQAZ/QKBgQDKHXgf6nC3BqGps2zpeiYZCBzGhxLHan2h\naRUYQjkKBuJf4MY6Zd4Wcvb3nvR1KYeHwzHB3CCxDR6zQlcgK6euD/2VGbCz0tin\n4HtD06DxHPpV2eq5P/HvBwJ27yCjeTMsxiWfXWb3P3HqJeU3XKYQmUL/SgQ2JH+Y\nlaOBZI7OrQKBgQDBxTZSP70JzipC1G8ciwJNboD27xipc9S7vvotPkCFHI9lUdAS\n4uExCYMe7cgs5wx2uoCcyT0QljGSTUTjs1q0UzRGbk7IUn0Q/ayn+jjvh9gNKHtN\nOT4hma+aSAkEAYlAu4ZZFU5DhMZgKpAveoamdufy4JFjmoiJDnt4Gjw7AQKBgQCj\n8D9Nc/W1H1XltjmzL3bTevcMOOeMhN4eHIQVxzFI5sibiFCBcbswblPQCkiy99qM\nzlD/s7N4qPGr6TWOTJqX3zSKyenAElfV44lYPMIgkKalGDsBw9JTVVY0bkYFEvvl\nZ1uA5lvsVLPrfo1r2GSCti3XsIu19ujgNRAIli4XiQKBgH1r0cl7h2odvEy1vHp+\nzhHk25f786SZXKtuuXve05iyog7btisGVrZ7tjGl6yVwfk0nQZlBrmekmklFBawo\nDtMRX5EJIIlqIL5pKa5uzAKA5VGnsSH7Ru2RtGaBSSvvTjgCgrpkbAvyrOEwAZZB\na6rWLrurin/fvR78UguBsBMy\n-----END PRIVATE KEY-----\n",
            "public_key_fingerprint_md5": "0f:27:65:ba:1b:c2:93:3a:c3:ae:9c:9b:46:96:d6:1f",
            "public_key_fingerprint_sha256": "SHA256:R+eod5zJgjILYnhd55ufcqhi+k+qppLW2J8SldLvgZY",
            "public_key_openssh": "ssh-rsa AAAAB3NzaC1yc2EAAAADAQABAAABAQC7KoiMK3keHPCoYVB8VBH1L8gfktTIqGpN8E263VBsVzyY1iUPTej8Z6uAP9dduBDr7nCy6F0r6eL8pseDUTlSOhrfgoodI0/zGoxoUXURZ0Ke96A7Eq9yJocpdHn1laAlXthMEacbSQUE0WR5pSDhENs8MBYT9DRjcLDC/84u2ZK1452xZ4u18Le+BoeVGtjf3U5SwFZBHJo/G1CKAaFifQ5IZNF+ZYlNN/Jrbx9e/BX82yoPkjlREj/HqgRMGoPnk5hzptlHRqZ5nzSqpaUqrOA0CGGyj4p6eFdKAJeBMJphWG9bUN6PiXUseZiE7pcJ03+CaX32K/oEztPsUSX5\n",
            "public_key_pem": "-----BEGIN PUBLIC KEY-----\nMIIBIjANBgkqhkiG9w0BAQEFAAOCAQ8AMIIBCgKCAQEAuyqIjCt5HhzwqGFQfFQR\n9S/IH5LUyKhqTfBNut1QbFc8mNYlD03o/GergD/XXbgQ6+5wsuhdK+ni/KbHg1E5\nUjoa34KKHSNP8xqMaFF1EWdCnvegOxKvciaHKXR59ZWgJV7YTBGnG0kFBNFkeaUg\n4RDbPDAWE/Q0Y3Cwwv/OLtmSteOdsWeLtfC3vgaHlRrY391OUsBWQRyaPxtQigGh\nYn0OSGTRfmWJTTfya28fXvwV/NsqD5I5URI/x6oETBqD55OYc6bZR0ameZ80qqWl\nKqzgNAhhso+KenhXSgCXgTCaYVhvW1Dej4l1LHmYhO6XCdN/gml99iv6BM7T7FEl\n+QIDAQAB\n-----END PUBLIC KEY-----\n",
            "rsa_bits": 2048
          },
          "sensitive_attributes": []
        }
      ]
    }
  ],
  "check_results": []
}
