{
  "version": 4,
  "terraform_version": "1.3.0",
  "serial": 366,
  "lineage": "fab753a5-da4f-970d-bc2a-63eeef9b0d07",
  "outputs": {},
  "resources": [
    {
      "mode": "data",
      "type": "aws_ami",
      "name": "amazon-linux",
      "provider": "provider[\"registry.terraform.io/hashicorp/aws\"]",
      "instances": [
        {
          "schema_version": 0,
          "attributes": {
            "architecture": "x86_64",
            "arn": "arn:aws:ec2:us-east-1::image/ami-0e55575c79ee5da7b",
            "block_device_mappings": [
              {
                "device_name": "/dev/xvda",
                "ebs": {
                  "delete_on_termination": "true",
                  "encrypted": "false",
                  "iops": "0",
                  "snapshot_id": "snap-06b4dfb689ac61014",
                  "throughput": "0",
                  "volume_size": "8",
                  "volume_type": "standard"
                },
                "no_device": "",
                "virtual_name": ""
              }
            ],
            "boot_mode": "",
            "creation_date": "2022-09-23T17:22:39.000Z",
            "deprecation_time": "2024-09-23T17:22:39.000Z",
            "description": "Amazon Linux AMI 2018.03.0.20220907.3 x86_64 HVM ebs",
            "ena_support": true,
            "executable_users": null,
            "filter": [
              {
                "name": "name",
                "values": [
                  "amzn-ami-hvm-*-x86_64-ebs"
                ]
              }
            ],
            "hypervisor": "xen",
            "id": "ami-0e55575c79ee5da7b",
            "image_id": "ami-0e55575c79ee5da7b",
            "image_location": "amazon/amzn-ami-hvm-2018.03.0.20220907.3-x86_64-ebs",
            "image_owner_alias": "amazon",
            "image_type": "machine",
            "imds_support": "",
            "include_deprecated": false,
            "kernel_id": "",
            "most_recent": true,
            "name": "amzn-ami-hvm-2018.03.0.20220907.3-x86_64-ebs",
            "name_regex": null,
            "owner_id": "137112412989",
            "owners": [
              "amazon"
            ],
            "platform": "",
            "platform_details": "Linux/UNIX",
            "product_codes": [],
            "public": true,
            "ramdisk_id": "",
            "root_device_name": "/dev/xvda",
            "root_device_type": "ebs",
            "root_snapshot_id": "snap-06b4dfb689ac61014",
            "sriov_net_support": "simple",
            "state": "available",
            "state_reason": {
              "code": "UNSET",
              "message": "UNSET"
            },
            "tags": {},
            "timeouts": null,
            "tpm_support": "",
            "usage_operation": "RunInstances",
            "virtualization_type": "hvm"
          },
          "sensitive_attributes": []
        }
      ]
    },
    {
      "mode": "data",
      "type": "aws_availability_zones",
      "name": "available",
      "provider": "provider[\"registry.terraform.io/hashicorp/aws\"]",
      "instances": [
        {
          "schema_version": 0,
          "attributes": {
            "all_availability_zones": null,
            "exclude_names": null,
            "exclude_zone_ids": null,
            "filter": null,
            "group_names": [
              "us-east-1"
            ],
            "id": "us-east-1",
            "names": [
              "us-east-1a",
              "us-east-1b",
              "us-east-1c",
              "us-east-1d",
              "us-east-1e",
              "us-east-1f"
            ],
            "state": "available",
            "timeouts": null,
            "zone_ids": [
              "use1-az1",
              "use1-az2",
              "use1-az4",
              "use1-az6",
              "use1-az3",
              "use1-az5"
            ]
          },
          "sensitive_attributes": []
        }
      ]
    },
    {
      "module": "module.alb_asg_ec2_efs_igw_rds",
      "mode": "data",
      "type": "aws_route_table",
      "name": "route_table",
      "provider": "module.alb_asg_ec2_efs_igw_rds.provider[\"registry.terraform.io/hashicorp/aws\"]",
      "instances": [
        {
          "schema_version": 0,
          "attributes": {
            "arn": "arn:aws:ec2:us-east-1:481450237232:route-table/rtb-0b3bb2a26a66c5110",
            "associations": [
              {
                "gateway_id": "",
                "main": true,
                "route_table_association_id": "rtbassoc-01cf69cacfa2c2012",
                "route_table_id": "rtb-0b3bb2a26a66c5110",
                "subnet_id": ""
              }
            ],
            "filter": [
              {
                "name": "association.main",
                "values": [
                  "true"
                ]
              },
              {
                "name": "vpc-id",
                "values": [
                  "vpc-0ea971302b2fc9a99"
                ]
              }
            ],
            "gateway_id": null,
            "id": "rtb-0b3bb2a26a66c5110",
            "owner_id": "481450237232",
            "route_table_id": "rtb-0b3bb2a26a66c5110",
            "routes": [],
            "subnet_id": null,
            "tags": {},
            "timeouts": null,
            "vpc_id": "vpc-0ea971302b2fc9a99"
          },
          "sensitive_attributes": []
        }
      ]
    },
    {
      "module": "module.alb_asg_ec2_efs_igw_rds",
      "mode": "data",
      "type": "aws_secretsmanager_secret_version",
      "name": "MySQL",
      "provider": "module.alb_asg_ec2_efs_igw_rds.provider[\"registry.terraform.io/hashicorp/aws\"]",
      "instances": [
        {
          "schema_version": 0,
          "attributes": {
            "arn": "arn:aws:secretsmanager:us-east-1:481450237232:secret:MySQL-qvHcwv",
            "id": "MySQL|AWSCURRENT",
            "secret_binary": "",
            "secret_id": "MySQL",
            "secret_string": "{\n\"username\":\"admin01\",\n\"password\":\"hello_world890321\"\n}",
            "version_id": "75d0d741-4cb0-485c-92cc-48f2d0408923",
            "version_stage": "AWSCURRENT",
            "version_stages": [
              "AWSCURRENT"
            ]
          },
          "sensitive_attributes": []
        }
      ]
    },
    {
      "module": "module.alb_asg_ec2_efs_igw_rds",
      "mode": "managed",
      "type": "aws_autoscaling_attachment",
      "name": "terramino",
      "provider": "module.alb_asg_ec2_efs_igw_rds.provider[\"registry.terraform.io/hashicorp/aws\"]",
      "instances": [
        {
          "schema_version": 0,
          "attributes": {
            "alb_target_group_arn": "arn:aws:elasticloadbalancing:us-east-1:481450237232:targetgroup/learn-asg-terramino/284ffbe75f6a912d",
            "autoscaling_group_name": "terramino",
            "elb": null,
            "id": "terramino-20221017040500634200000002",
            "lb_target_group_arn": null
          },
          "sensitive_attributes": [],
          "private": "bnVsbA==",
          "dependencies": [
            "data.aws_ami.amazon-linux",
            "data.aws_availability_zones.available",
            "module.alb_asg_ec2_efs_igw_rds.aws_autoscaling_group.terramino",
            "module.alb_asg_ec2_efs_igw_rds.aws_launch_configuration.terramino",
            "module.alb_asg_ec2_efs_igw_rds.aws_lb_target_group.terramino",
            "module.alb_asg_ec2_efs_igw_rds.aws_security_group.terramino_instance",
            "module.alb_asg_ec2_efs_igw_rds.aws_security_group.terramino_lb",
            "module.alb_asg_ec2_efs_igw_rds.aws_subnet.subnet0",
            "module.alb_asg_ec2_efs_igw_rds.aws_subnet.subnet1",
            "module.alb_asg_ec2_efs_igw_rds.aws_vpc.vpc"
          ]
        }
      ]
    },
    {
      "module": "module.alb_asg_ec2_efs_igw_rds",
      "mode": "managed",
      "type": "aws_autoscaling_group",
      "name": "terramino",
      "provider": "module.alb_asg_ec2_efs_igw_rds.provider[\"registry.terraform.io/hashicorp/aws\"]",
      "instances": [
        {
          "schema_version": 0,
          "attributes": {
            "arn": "arn:aws:autoscaling:us-east-1:481450237232:autoScalingGroup:31fa2b3e-b23a-4f3e-8c3c-91f820098093:autoScalingGroupName/terramino",
            "availability_zones": [
              "us-east-1a",
              "us-east-1b"
            ],
            "capacity_rebalance": false,
            "context": "",
            "default_cooldown": 300,
            "default_instance_warmup": 0,
            "desired_capacity": 1,
            "enabled_metrics": null,
            "force_delete": false,
            "force_delete_warm_pool": false,
            "health_check_grace_period": 300,
            "health_check_type": "EC2",
            "id": "terramino",
            "initial_lifecycle_hook": [],
            "instance_refresh": [],
            "launch_configuration": "learn-terraform-aws-asg-20221017040340767200000001",
            "launch_template": [],
            "load_balancers": null,
            "max_instance_lifetime": 0,
            "max_size": 3,
            "metrics_granularity": "1Minute",
            "min_elb_capacity": null,
            "min_size": 1,
            "mixed_instances_policy": [],
            "name": "terramino",
            "name_prefix": "",
            "placement_group": "",
            "protect_from_scale_in": false,
            "service_linked_role_arn": "arn:aws:iam::481450237232:role/aws-service-role/autoscaling.amazonaws.com/AWSServiceRoleForAutoScaling",
            "suspended_processes": null,
            "tag": [
              {
                "key": "Name",
                "propagate_at_launch": true,
                "value": "HashiCorp Learn ASG - Terramino"
              }
            ],
            "tags": null,
            "target_group_arns": null,
            "termination_policies": null,
            "timeouts": null,
            "vpc_zone_identifier": [
              "subnet-08a3a12e105bac0e1",
              "subnet-0a153416b6bae1878"
            ],
            "wait_for_capacity_timeout": "10m",
            "wait_for_elb_capacity": null,
            "warm_pool": []
          },
          "sensitive_attributes": [],
          "private": "eyJlMmJmYjczMC1lY2FhLTExZTYtOGY4OC0zNDM2M2JjN2M0YzAiOnsiZGVsZXRlIjo2MDAwMDAwMDAwMDAsInVwZGF0ZSI6NjAwMDAwMDAwMDAwfX0=",
          "dependencies": [
            "data.aws_ami.amazon-linux",
            "data.aws_availability_zones.available",
            "module.alb_asg_ec2_efs_igw_rds.aws_launch_configuration.terramino",
            "module.alb_asg_ec2_efs_igw_rds.aws_security_group.terramino_instance",
            "module.alb_asg_ec2_efs_igw_rds.aws_security_group.terramino_lb",
            "module.alb_asg_ec2_efs_igw_rds.aws_subnet.subnet0",
            "module.alb_asg_ec2_efs_igw_rds.aws_subnet.subnet1",
            "module.alb_asg_ec2_efs_igw_rds.aws_vpc.vpc"
          ]
        }
      ]
    },
    {
      "module": "module.alb_asg_ec2_efs_igw_rds",
      "mode": "managed",
      "type": "aws_db_instance",
      "name": "rds_instance",
      "provider": "module.alb_asg_ec2_efs_igw_rds.provider[\"registry.terraform.io/hashicorp/aws\"]",
      "instances": [
        {
          "schema_version": 1,
          "attributes": {
            "address": "rds-terraform.cics2mfiv0yw.us-east-1.rds.amazonaws.com",
            "allocated_storage": 20,
            "allow_major_version_upgrade": null,
            "apply_immediately": null,
            "arn": "arn:aws:rds:us-east-1:481450237232:db:rds-terraform",
            "auto_minor_version_upgrade": true,
            "availability_zone": "us-east-1d",
            "backup_retention_period": 0,
            "backup_window": "04:20-04:50",
            "ca_cert_identifier": "rds-ca-2019",
            "character_set_name": "",
            "copy_tags_to_snapshot": false,
            "custom_iam_instance_profile": "",
            "customer_owned_ip_enabled": false,
            "db_name": "test",
            "db_subnet_group_name": "learn-rds",
            "delete_automated_backups": true,
            "deletion_protection": false,
            "domain": "",
            "domain_iam_role_name": "",
            "enabled_cloudwatch_logs_exports": null,
            "endpoint": "rds-terraform.cics2mfiv0yw.us-east-1.rds.amazonaws.com:3306",
            "engine": "mysql",
            "engine_version": "8.0.27",
            "engine_version_actual": "8.0.27",
            "final_snapshot_identifier": null,
            "hosted_zone_id": "Z2R2ITUGPM61AM",
            "iam_database_authentication_enabled": false,
            "id": "rds-terraform",
            "identifier": "rds-terraform",
            "identifier_prefix": "",
            "instance_class": "db.t2.micro",
            "iops": 0,
            "kms_key_id": "",
            "latest_restorable_time": "",
            "license_model": "general-public-license",
            "maintenance_window": "mon:07:59-mon:08:29",
            "max_allocated_storage": 0,
            "monitoring_interval": 0,
            "monitoring_role_arn": "",
            "multi_az": false,
            "name": "test",
            "nchar_character_set_name": "",
            "network_type": "IPV4",
            "option_group_name": "default:mysql-8-0",
            "parameter_group_name": "default.mysql8.0",
            "password": "hello_world890321",
            "performance_insights_enabled": false,
            "performance_insights_kms_key_id": "",
            "performance_insights_retention_period": 0,
            "port": 3306,
            "publicly_accessible": false,
            "replica_mode": "",
            "replicas": [],
            "replicate_source_db": "",
            "resource_id": "db-WKLNCAUUGPKOKPIPDDNULZXGGE",
            "restore_to_point_in_time": [],
            "s3_import": [],
            "security_group_names": null,
            "skip_final_snapshot": true,
            "snapshot_identifier": null,
            "status": "available",
            "storage_encrypted": false,
            "storage_type": "gp2",
            "tags": {
              "Name": "RDSServerInstance"
            },
            "tags_all": {
              "Name": "RDSServerInstance",
              "hashicorp-learn": "aws-asg1"
            },
            "timeouts": null,
            "timezone": "",
            "username": "admin01",
            "vpc_security_group_ids": [
              "sg-070806ed525188af8"
            ]
          },
          "sensitive_attributes": [
            [
              {
                "type": "get_attr",
                "value": "username"
              }
            ],
            [
              {
                "type": "get_attr",
                "value": "password"
              }
            ]
          ],
          "private": "eyJlMmJmYjczMC1lY2FhLTExZTYtOGY4OC0zNDM2M2JjN2M0YzAiOnsiY3JlYXRlIjoyNDAwMDAwMDAwMDAwLCJkZWxldGUiOjM2MDAwMDAwMDAwMDAsInVwZGF0ZSI6NDgwMDAwMDAwMDAwMH0sInNjaGVtYV92ZXJzaW9uIjoiMSJ9",
          "dependencies": [
            "data.aws_availability_zones.available",
            "module.alb_asg_ec2_efs_igw_rds.aws_db_subnet_group._",
            "module.alb_asg_ec2_efs_igw_rds.aws_security_group.rds",
            "module.alb_asg_ec2_efs_igw_rds.aws_subnet.subnet2",
            "module.alb_asg_ec2_efs_igw_rds.aws_subnet.subnet3",
            "module.alb_asg_ec2_efs_igw_rds.aws_vpc.vpc",
            "module.alb_asg_ec2_efs_igw_rds.data.aws_secretsmanager_secret_version.MySQL"
          ]
        }
      ]
    },
    {
      "module": "module.alb_asg_ec2_efs_igw_rds",
      "mode": "managed",
      "type": "aws_db_subnet_group",
      "name": "_",
      "provider": "module.alb_asg_ec2_efs_igw_rds.provider[\"registry.terraform.io/hashicorp/aws\"]",
      "instances": [
        {
          "schema_version": 0,
          "attributes": {
            "arn": "arn:aws:rds:us-east-1:481450237232:subgrp:learn-rds",
            "description": "Managed by Terraform",
            "id": "learn-rds",
            "name": "learn-rds",
            "name_prefix": "",
            "subnet_ids": [
              "subnet-001b4d1ffa217bb7f",
              "subnet-09a0e98bffbee6dfe"
            ],
            "supported_network_types": [
              "IPV4"
            ],
            "tags": {
              "Name": "learn rds"
            },
            "tags_all": {
              "Name": "learn rds",
              "hashicorp-learn": "aws-asg1"
            }
          },
          "sensitive_attributes": [],
          "private": "bnVsbA==",
          "dependencies": [
            "data.aws_availability_zones.available",
            "module.alb_asg_ec2_efs_igw_rds.aws_subnet.subnet2",
            "module.alb_asg_ec2_efs_igw_rds.aws_subnet.subnet3",
            "module.alb_asg_ec2_efs_igw_rds.aws_vpc.vpc"
          ]
        }
      ]
    },
    {
      "module": "module.alb_asg_ec2_efs_igw_rds",
      "mode": "managed",
      "type": "aws_default_route_table",
      "name": "internet_route",
      "provider": "module.alb_asg_ec2_efs_igw_rds.provider[\"registry.terraform.io/hashicorp/aws\"]",
      "instances": [
        {
          "schema_version": 0,
          "attributes": {
            "arn": "arn:aws:ec2:us-east-1:481450237232:route-table/rtb-0b3bb2a26a66c5110",
            "default_route_table_id": "rtb-0b3bb2a26a66c5110",
            "id": "rtb-0b3bb2a26a66c5110",
            "owner_id": "481450237232",
            "propagating_vgws": null,
            "route": [
              {
                "cidr_block": "0.0.0.0/0",
                "core_network_arn": "",
                "destination_prefix_list_id": "",
                "egress_only_gateway_id": "",
                "gateway_id": "igw-05ab77485ac9c9724",
                "instance_id": "",
                "ipv6_cidr_block": "",
                "nat_gateway_id": "",
                "network_interface_id": "",
                "transit_gateway_id": "",
                "vpc_endpoint_id": "",
                "vpc_peering_connection_id": ""
              }
            ],
            "tags": {
              "Name": "Terraform-RouteTable"
            },
            "tags_all": {
              "Name": "Terraform-RouteTable",
              "hashicorp-learn": "aws-asg1"
            },
            "timeouts": null,
            "vpc_id": "vpc-0ea971302b2fc9a99"
          },
          "sensitive_attributes": [],
          "private": "eyJlMmJmYjczMC1lY2FhLTExZTYtOGY4OC0zNDM2M2JjN2M0YzAiOnsiY3JlYXRlIjoxMjAwMDAwMDAwMDAsInVwZGF0ZSI6MTIwMDAwMDAwMDAwfX0=",
          "dependencies": [
            "module.alb_asg_ec2_efs_igw_rds.aws_internet_gateway.igw",
            "module.alb_asg_ec2_efs_igw_rds.aws_vpc.vpc",
            "module.alb_asg_ec2_efs_igw_rds.data.aws_route_table.route_table"
          ]
        }
      ]
    },
    {
      "module": "module.alb_asg_ec2_efs_igw_rds",
      "mode": "managed",
      "type": "aws_efs_file_system",
      "name": "efs",
      "provider": "module.alb_asg_ec2_efs_igw_rds.provider[\"registry.terraform.io/hashicorp/aws\"]",
      "instances": [
        {
          "schema_version": 0,
          "attributes": {
            "arn": "arn:aws:elasticfilesystem:us-east-1:481450237232:file-system/fs-0d0af0c8c4655e7fb",
            "availability_zone_id": "",
            "availability_zone_name": "",
            "creation_token": "my-efs",
            "dns_name": "fs-0d0af0c8c4655e7fb.efs.us-east-1.amazonaws.com",
            "encrypted": false,
            "id": "fs-0d0af0c8c4655e7fb",
            "kms_key_id": "",
            "lifecycle_policy": [],
            "number_of_mount_targets": 0,
            "owner_id": "481450237232",
            "performance_mode": "generalPurpose",
            "provisioned_throughput_in_mibps": 0,
            "size_in_bytes": [
              {
                "value": 6144,
                "value_in_ia": 0,
                "value_in_standard": 6144
              }
            ],
            "tags": {
              "Name": "MyProduct"
            },
            "tags_all": {
              "Name": "MyProduct",
              "hashicorp-learn": "aws-asg1"
            },
            "throughput_mode": "bursting"
          },
          "sensitive_attributes": [],
          "private": "bnVsbA==",
          "dependencies": [
            "data.aws_ami.amazon-linux",
            "data.aws_availability_zones.available",
            "module.alb_asg_ec2_efs_igw_rds.aws_instance.ec2",
            "module.alb_asg_ec2_efs_igw_rds.aws_key_pair.deployer",
            "module.alb_asg_ec2_efs_igw_rds.aws_security_group.terramino",
            "module.alb_asg_ec2_efs_igw_rds.aws_subnet.subnet0",
            "module.alb_asg_ec2_efs_igw_rds.aws_vpc.vpc",
            "module.alb_asg_ec2_efs_igw_rds.tls_private_key.my_key"
          ]
        }
      ]
    },
    {
      "module": "module.alb_asg_ec2_efs_igw_rds",
      "mode": "managed",
      "type": "aws_efs_mount_target",
      "name": "mount",
      "provider": "module.alb_asg_ec2_efs_igw_rds.provider[\"registry.terraform.io/hashicorp/aws\"]",
      "instances": [
        {
          "schema_version": 0,
          "attributes": {
            "availability_zone_id": "use1-az1",
            "availability_zone_name": "us-east-1a",
            "dns_name": "fs-0d0af0c8c4655e7fb.efs.us-east-1.amazonaws.com",
            "file_system_arn": "arn:aws:elasticfilesystem:us-east-1:481450237232:file-system/fs-0d0af0c8c4655e7fb",
            "file_system_id": "fs-0d0af0c8c4655e7fb",
            "id": "fsmt-022335fcecadeddb7",
            "ip_address": "10.0.1.58",
            "mount_target_dns_name": "us-east-1a.fs-0d0af0c8c4655e7fb.efs.us-east-1.amazonaws.com",
            "network_interface_id": "eni-0d426163b6167c4bf",
            "owner_id": "481450237232",
            "security_groups": [
              "sg-06543c1b9966bd4bc"
            ],
            "subnet_id": "subnet-0a153416b6bae1878"
          },
          "sensitive_attributes": [],
          "private": "bnVsbA==",
          "dependencies": [
            "data.aws_ami.amazon-linux",
            "data.aws_availability_zones.available",
            "module.alb_asg_ec2_efs_igw_rds.aws_efs_file_system.efs",
            "module.alb_asg_ec2_efs_igw_rds.aws_instance.ec2",
            "module.alb_asg_ec2_efs_igw_rds.aws_key_pair.deployer",
            "module.alb_asg_ec2_efs_igw_rds.aws_security_group.terramino",
            "module.alb_asg_ec2_efs_igw_rds.aws_subnet.subnet0",
            "module.alb_asg_ec2_efs_igw_rds.aws_vpc.vpc",
            "module.alb_asg_ec2_efs_igw_rds.tls_private_key.my_key"
          ]
        }
      ]
    },
    {
      "module": "module.alb_asg_ec2_efs_igw_rds",
      "mode": "managed",
      "type": "aws_instance",
      "name": "ec2",
      "provider": "module.alb_asg_ec2_efs_igw_rds.provider[\"registry.terraform.io/hashicorp/aws\"]",
      "instances": [
        {
          "schema_version": 1,
          "attributes": {
            "ami": "ami-0e55575c79ee5da7b",
            "arn": "arn:aws:ec2:us-east-1:481450237232:instance/i-0f352ea4f73d8e066",
            "associate_public_ip_address": true,
            "availability_zone": "us-east-1a",
            "capacity_reservation_specification": [
              {
                "capacity_reservation_preference": "open",
                "capacity_reservation_target": []
              }
            ],
            "cpu_core_count": 1,
            "cpu_threads_per_core": 1,
            "credit_specification": [
              {
                "cpu_credits": "standard"
              }
            ],
            "disable_api_stop": false,
            "disable_api_termination": false,
            "ebs_block_device": [],
            "ebs_optimized": false,
            "enclave_options": [
              {
                "enabled": false
              }
            ],
            "ephemeral_block_device": [],
            "get_password_data": false,
            "hibernation": false,
            "host_id": null,
            "host_resource_group_arn": null,
            "iam_instance_profile": "",
            "id": "i-0f352ea4f73d8e066",
            "instance_initiated_shutdown_behavior": "stop",
            "instance_state": "running",
            "instance_type": "t2.micro",
            "ipv6_address_count": 0,
            "ipv6_addresses": [],
            "key_name": "efs-key",
            "launch_template": [],
            "maintenance_options": [
              {
                "auto_recovery": "default"
              }
            ],
            "metadata_options": [
              {
                "http_endpoint": "enabled",
                "http_put_response_hop_limit": 1,
                "http_tokens": "optional",
                "instance_metadata_tags": "disabled"
              }
            ],
            "monitoring": false,
            "network_interface": [],
            "outpost_arn": "",
            "password_data": "",
            "placement_group": "",
            "placement_partition_number": null,
            "primary_network_interface_id": "eni-0451080904e322d79",
            "private_dns": "ip-10-0-1-219.ec2.internal",
            "private_dns_name_options": [
              {
                "enable_resource_name_dns_a_record": false,
                "enable_resource_name_dns_aaaa_record": false,
                "hostname_type": "ip-name"
              }
            ],
            "private_ip": "10.0.1.219",
            "public_dns": "ec2-3-220-164-250.compute-1.amazonaws.com",
            "public_ip": "3.220.164.250",
            "root_block_device": [
              {
                "delete_on_termination": true,
                "device_name": "/dev/xvda",
                "encrypted": false,
                "iops": 0,
                "kms_key_id": "",
                "tags": {},
                "throughput": 0,
                "volume_id": "vol-07e91586a9e5473fe",
                "volume_size": 8,
                "volume_type": "standard"
              }
            ],
            "secondary_private_ips": [],
            "security_groups": [],
            "source_dest_check": true,
            "subnet_id": "subnet-0a153416b6bae1878",
            "tags": null,
            "tags_all": {
              "hashicorp-learn": "aws-asg1"
            },
            "tenancy": "default",
            "timeouts": null,
            "user_data": null,
            "user_data_base64": null,
            "user_data_replace_on_change": false,
            "volume_tags": null,
            "vpc_security_group_ids": [
              "sg-06543c1b9966bd4bc"
            ]
          },
          "sensitive_attributes": [],
          "private": "eyJlMmJmYjczMC1lY2FhLTExZTYtOGY4OC0zNDM2M2JjN2M0YzAiOnsiY3JlYXRlIjo2MDAwMDAwMDAwMDAsImRlbGV0ZSI6MTIwMDAwMDAwMDAwMCwidXBkYXRlIjo2MDAwMDAwMDAwMDB9LCJzY2hlbWFfdmVyc2lvbiI6IjEifQ==",
          "dependencies": [
            "data.aws_ami.amazon-linux",
            "data.aws_availability_zones.available",
            "module.alb_asg_ec2_efs_igw_rds.aws_key_pair.deployer",
            "module.alb_asg_ec2_efs_igw_rds.aws_security_group.terramino",
            "module.alb_asg_ec2_efs_igw_rds.aws_subnet.subnet0",
            "module.alb_asg_ec2_efs_igw_rds.aws_vpc.vpc",
            "module.alb_asg_ec2_efs_igw_rds.tls_private_key.my_key"
          ]
        }
      ]
    },
    {
      "module": "module.alb_asg_ec2_efs_igw_rds",
      "mode": "managed",
      "type": "aws_internet_gateway",
      "name": "igw",
      "provider": "module.alb_asg_ec2_efs_igw_rds.provider[\"registry.terraform.io/hashicorp/aws\"]",
      "instances": [
        {
          "schema_version": 0,
          "attributes": {
            "arn": "arn:aws:ec2:us-east-1:481450237232:internet-gateway/igw-05ab77485ac9c9724",
            "id": "igw-05ab77485ac9c9724",
            "owner_id": "481450237232",
            "tags": null,
            "tags_all": {
              "hashicorp-learn": "aws-asg1"
            },
            "timeouts": null,
            "vpc_id": "vpc-0ea971302b2fc9a99"
          },
          "sensitive_attributes": [],
          "private": "eyJlMmJmYjczMC1lY2FhLTExZTYtOGY4OC0zNDM2M2JjN2M0YzAiOnsiY3JlYXRlIjoxMjAwMDAwMDAwMDAwLCJkZWxldGUiOjEyMDAwMDAwMDAwMDAsInVwZGF0ZSI6MTIwMDAwMDAwMDAwMH19",
          "dependencies": [
            "module.alb_asg_ec2_efs_igw_rds.aws_vpc.vpc"
          ]
        }
      ]
    },
    {
      "module": "module.alb_asg_ec2_efs_igw_rds",
      "mode": "managed",
      "type": "aws_key_pair",
      "name": "deployer",
      "provider": "module.alb_asg_ec2_efs_igw_rds.provider[\"registry.terraform.io/hashicorp/aws\"]",
      "instances": [
        {
          "schema_version": 1,
          "attributes": {
            "arn": "arn:aws:ec2:us-east-1:481450237232:key-pair/efs-key",
            "fingerprint": "5a:24:a1:41:46:97:05:11:c1:5f:23:60:9f:a8:52:9f",
            "id": "efs-key",
            "key_name": "efs-key",
            "key_name_prefix": "",
            "key_pair_id": "key-08cb9a85b8830b19f",
            "key_type": "rsa",
            "public_key": "ssh-rsa AAAAB3NzaC1yc2EAAAADAQABAAABAQC9zn42FcOhsRNDfHicYHpbmF+qu0E1kqzqxBOOiATjJyG1/aLsIRDxnBI2/tqhXw8E62hnKj0g7RBjuqK4qQV8Tqi2a4WFuv/ZDqWlDDLzYgaKRB9rV0PXoznyISlKl9Ee6+rj9Hu8y9ucDW2CNZexr6Lz33dOMR3xYoSh/YRH9Plgoll5LZ5Qo2XY2N7JsChKXAgYxE1uhzJE5tgzfLypM7tRrSz6SNqV7g7xv8Q4bIli/I9qb4yQYcH5ksgNU9ILQejcC6CzKiMw+6El3iRx9aF6MRkHqQmMDWyAbiVtF0y6JasowOSlF7vJHSeZ4vrmfb6WDqDEeFi54Dyt3u9Z",
            "tags": null,
            "tags_all": {
              "hashicorp-learn": "aws-asg1"
            }
          },
          "sensitive_attributes": [],
          "private": "eyJzY2hlbWFfdmVyc2lvbiI6IjEifQ==",
          "dependencies": [
            "module.alb_asg_ec2_efs_igw_rds.tls_private_key.my_key"
          ]
        }
      ]
    },
    {
      "module": "module.alb_asg_ec2_efs_igw_rds",
      "mode": "managed",
      "type": "aws_launch_configuration",
      "name": "terramino",
      "provider": "module.alb_asg_ec2_efs_igw_rds.provider[\"registry.terraform.io/hashicorp/aws\"]",
      "instances": [
        {
          "schema_version": 0,
          "attributes": {
            "arn": "arn:aws:autoscaling:us-east-1:481450237232:launchConfiguration:05bd685f-4251-4178-8215-28d4effdd264:launchConfigurationName/learn-terraform-aws-asg-20221017040340767200000001",
            "associate_public_ip_address": false,
            "ebs_block_device": [],
            "ebs_optimized": false,
            "enable_monitoring": true,
            "ephemeral_block_device": [],
            "iam_instance_profile": "",
            "id": "learn-terraform-aws-asg-20221017040340767200000001",
            "image_id": "ami-0e55575c79ee5da7b",
            "instance_type": "t2.micro",
            "key_name": "",
            "metadata_options": [],
            "name": "learn-terraform-aws-asg-20221017040340767200000001",
            "name_prefix": "learn-terraform-aws-asg-",
            "placement_tenancy": "",
            "root_block_device": [],
            "security_groups": [
              "sg-0dde0ce4d1bafa5c2"
            ],
            "spot_price": "",
            "user_data": "327c61ee6350c5482432430907c1c17ae3beef41",
            "user_data_base64": null,
            "vpc_classic_link_id": "",
            "vpc_classic_link_security_groups": null
          },
          "sensitive_attributes": [],
          "private": "bnVsbA==",
          "dependencies": [
            "data.aws_ami.amazon-linux",
            "module.alb_asg_ec2_efs_igw_rds.aws_security_group.terramino_instance",
            "module.alb_asg_ec2_efs_igw_rds.aws_security_group.terramino_lb",
            "module.alb_asg_ec2_efs_igw_rds.aws_vpc.vpc"
          ],
          "create_before_destroy": true
        }
      ]
    },
    {
      "module": "module.alb_asg_ec2_efs_igw_rds",
      "mode": "managed",
      "type": "aws_lb",
      "name": "terramino",
      "provider": "module.alb_asg_ec2_efs_igw_rds.provider[\"registry.terraform.io/hashicorp/aws\"]",
      "instances": [
        {
          "schema_version": 0,
          "attributes": {
            "access_logs": [
              {
                "bucket": "",
                "enabled": false,
                "prefix": ""
              }
            ],
            "arn": "arn:aws:elasticloadbalancing:us-east-1:481450237232:loadbalancer/app/learn-asg-terramino-lb/2a3d5e6987203e3b",
            "arn_suffix": "app/learn-asg-terramino-lb/2a3d5e6987203e3b",
            "customer_owned_ipv4_pool": "",
            "desync_mitigation_mode": "defensive",
            "dns_name": "learn-asg-terramino-lb-377846139.us-east-1.elb.amazonaws.com",
            "drop_invalid_header_fields": false,
            "enable_cross_zone_load_balancing": null,
            "enable_deletion_protection": false,
            "enable_http2": true,
            "enable_waf_fail_open": false,
            "id": "arn:aws:elasticloadbalancing:us-east-1:481450237232:loadbalancer/app/learn-asg-terramino-lb/2a3d5e6987203e3b",
            "idle_timeout": 60,
            "internal": false,
            "ip_address_type": "ipv4",
            "load_balancer_type": "application",
            "name": "learn-asg-terramino-lb",
            "name_prefix": null,
            "preserve_host_header": false,
            "security_groups": [
              "sg-0fa5c1ca3bd1d5fcb"
            ],
            "subnet_mapping": [
              {
                "allocation_id": "",
                "ipv6_address": "",
                "outpost_id": "",
                "private_ipv4_address": "",
                "subnet_id": "subnet-08a3a12e105bac0e1"
              },
              {
                "allocation_id": "",
                "ipv6_address": "",
                "outpost_id": "",
                "private_ipv4_address": "",
                "subnet_id": "subnet-0a153416b6bae1878"
              }
            ],
            "subnets": [
              "subnet-08a3a12e105bac0e1",
              "subnet-0a153416b6bae1878"
            ],
            "tags": null,
            "tags_all": {
              "hashicorp-learn": "aws-asg1"
            },
            "timeouts": null,
            "vpc_id": "vpc-0ea971302b2fc9a99",
            "zone_id": "Z35SXDOTRQ7X7K"
          },
          "sensitive_attributes": [],
          "private": "eyJlMmJmYjczMC1lY2FhLTExZTYtOGY4OC0zNDM2M2JjN2M0YzAiOnsiY3JlYXRlIjo2MDAwMDAwMDAwMDAsImRlbGV0ZSI6NjAwMDAwMDAwMDAwLCJ1cGRhdGUiOjYwMDAwMDAwMDAwMH19",
          "dependencies": [
            "data.aws_availability_zones.available",
            "module.alb_asg_ec2_efs_igw_rds.aws_security_group.terramino_lb",
            "module.alb_asg_ec2_efs_igw_rds.aws_subnet.subnet0",
            "module.alb_asg_ec2_efs_igw_rds.aws_subnet.subnet1",
            "module.alb_asg_ec2_efs_igw_rds.aws_vpc.vpc"
          ]
        }
      ]
    },
    {
      "module": "module.alb_asg_ec2_efs_igw_rds",
      "mode": "managed",
      "type": "aws_lb_listener",
      "name": "terramino",
      "provider": "module.alb_asg_ec2_efs_igw_rds.provider[\"registry.terraform.io/hashicorp/aws\"]",
      "instances": [
        {
          "schema_version": 0,
          "attributes": {
            "alpn_policy": null,
            "arn": "arn:aws:elasticloadbalancing:us-east-1:481450237232:listener/app/learn-asg-terramino-lb/2a3d5e6987203e3b/2f9bb70d9dfac41a",
            "certificate_arn": null,
            "default_action": [
              {
                "authenticate_cognito": [],
                "authenticate_oidc": [],
                "fixed_response": [],
                "forward": [],
                "order": 1,
                "redirect": [],
                "target_group_arn": "arn:aws:elasticloadbalancing:us-east-1:481450237232:targetgroup/learn-asg-terramino/284ffbe75f6a912d",
                "type": "forward"
              }
            ],
            "id": "arn:aws:elasticloadbalancing:us-east-1:481450237232:listener/app/learn-asg-terramino-lb/2a3d5e6987203e3b/2f9bb70d9dfac41a",
            "load_balancer_arn": "arn:aws:elasticloadbalancing:us-east-1:481450237232:loadbalancer/app/learn-asg-terramino-lb/2a3d5e6987203e3b",
            "port": 80,
            "protocol": "HTTP",
            "ssl_policy": "",
            "tags": null,
            "tags_all": {
              "hashicorp-learn": "aws-asg1"
            },
            "timeouts": null
          },
          "sensitive_attributes": [],
          "private": "eyJlMmJmYjczMC1lY2FhLTExZTYtOGY4OC0zNDM2M2JjN2M0YzAiOnsicmVhZCI6NjAwMDAwMDAwMDAwfX0=",
          "dependencies": [
            "data.aws_availability_zones.available",
            "module.alb_asg_ec2_efs_igw_rds.aws_lb.terramino",
            "module.alb_asg_ec2_efs_igw_rds.aws_lb_target_group.terramino",
            "module.alb_asg_ec2_efs_igw_rds.aws_security_group.terramino_lb",
            "module.alb_asg_ec2_efs_igw_rds.aws_subnet.subnet0",
            "module.alb_asg_ec2_efs_igw_rds.aws_subnet.subnet1",
            "module.alb_asg_ec2_efs_igw_rds.aws_vpc.vpc"
          ]
        }
      ]
    },
    {
      "module": "module.alb_asg_ec2_efs_igw_rds",
      "mode": "managed",
      "type": "aws_lb_target_group",
      "name": "terramino",
      "provider": "module.alb_asg_ec2_efs_igw_rds.provider[\"registry.terraform.io/hashicorp/aws\"]",
      "instances": [
        {
          "schema_version": 0,
          "attributes": {
            "arn": "arn:aws:elasticloadbalancing:us-east-1:481450237232:targetgroup/learn-asg-terramino/284ffbe75f6a912d",
            "arn_suffix": "targetgroup/learn-asg-terramino/284ffbe75f6a912d",
            "connection_termination": false,
            "deregistration_delay": "300",
            "health_check": [
              {
                "enabled": true,
                "healthy_threshold": 5,
                "interval": 30,
                "matcher": "200",
                "path": "/",
                "port": "traffic-port",
                "protocol": "HTTP",
                "timeout": 5,
                "unhealthy_threshold": 2
              }
            ],
            "id": "arn:aws:elasticloadbalancing:us-east-1:481450237232:targetgroup/learn-asg-terramino/284ffbe75f6a912d",
            "ip_address_type": null,
            "lambda_multi_value_headers_enabled": false,
            "load_balancing_algorithm_type": "round_robin",
            "name": "learn-asg-terramino",
            "name_prefix": null,
            "port": 80,
            "preserve_client_ip": null,
            "protocol": "HTTP",
            "protocol_version": "HTTP1",
            "proxy_protocol_v2": false,
            "slow_start": 0,
            "stickiness": [
              {
                "cookie_duration": 86400,
                "cookie_name": "",
                "enabled": false,
                "type": "lb_cookie"
              }
            ],
            "tags": null,
            "tags_all": {
              "hashicorp-learn": "aws-asg1"
            },
            "target_type": "instance",
            "vpc_id": "vpc-0ea971302b2fc9a99"
          },
          "sensitive_attributes": [],
          "private": "bnVsbA==",
          "dependencies": [
            "module.alb_asg_ec2_efs_igw_rds.aws_vpc.vpc"
          ]
        }
      ]
    },
    {
      "module": "module.alb_asg_ec2_efs_igw_rds",
      "mode": "managed",
      "type": "aws_security_group",
      "name": "rds",
      "provider": "module.alb_asg_ec2_efs_igw_rds.provider[\"registry.terraform.io/hashicorp/aws\"]",
      "instances": [
        {
          "schema_version": 1,
          "attributes": {
            "arn": "arn:aws:ec2:us-east-1:481450237232:security-group/sg-070806ed525188af8",
            "description": "Managed by Terraform",
            "egress": [
              {
                "cidr_blocks": [
                  "0.0.0.0/0"
                ],
                "description": "",
                "from_port": 0,
                "ipv6_cidr_blocks": [],
                "prefix_list_ids": [],
                "protocol": "-1",
                "security_groups": [],
                "self": false,
                "to_port": 0
              }
            ],
            "id": "sg-070806ed525188af8",
            "ingress": [
              {
                "cidr_blocks": [
                  "0.0.0.0/0"
                ],
                "description": "MySQL port",
                "from_port": 3306,
                "ipv6_cidr_blocks": [],
                "prefix_list_ids": [],
                "protocol": "tcp",
                "security_groups": [],
                "self": false,
                "to_port": 3306
              }
            ],
            "name": "learn-rds",
            "name_prefix": "",
            "owner_id": "481450237232",
            "revoke_rules_on_delete": false,
            "tags": null,
            "tags_all": {
              "hashicorp-learn": "aws-asg1"
            },
            "timeouts": null,
            "vpc_id": "vpc-0ea971302b2fc9a99"
          },
          "sensitive_attributes": [],
          "private": "eyJlMmJmYjczMC1lY2FhLTExZTYtOGY4OC0zNDM2M2JjN2M0YzAiOnsiY3JlYXRlIjo2MDAwMDAwMDAwMDAsImRlbGV0ZSI6OTAwMDAwMDAwMDAwfSwic2NoZW1hX3ZlcnNpb24iOiIxIn0=",
          "dependencies": [
            "module.alb_asg_ec2_efs_igw_rds.aws_vpc.vpc"
          ]
        }
      ]
    },
    {
      "module": "module.alb_asg_ec2_efs_igw_rds",
      "mode": "managed",
      "type": "aws_security_group",
      "name": "terramino",
      "provider": "module.alb_asg_ec2_efs_igw_rds.provider[\"registry.terraform.io/hashicorp/aws\"]",
      "instances": [
        {
          "schema_version": 1,
          "attributes": {
            "arn": "arn:aws:ec2:us-east-1:481450237232:security-group/sg-06543c1b9966bd4bc",
            "description": "Managed by Terraform",
            "egress": [
              {
                "cidr_blocks": [
                  "0.0.0.0/0"
                ],
                "description": "",
                "from_port": 0,
                "ipv6_cidr_blocks": [],
                "prefix_list_ids": [],
                "protocol": "-1",
                "security_groups": [],
                "self": false,
                "to_port": 0
              }
            ],
            "id": "sg-06543c1b9966bd4bc",
            "ingress": [
              {
                "cidr_blocks": [
                  "0.0.0.0/0"
                ],
                "description": "EFS mount point",
                "from_port": 2049,
                "ipv6_cidr_blocks": [],
                "prefix_list_ids": [],
                "protocol": "tcp",
                "security_groups": [],
                "self": false,
                "to_port": 2049
              },
              {
                "cidr_blocks": [
                  "0.0.0.0/0"
                ],
                "description": "HTTP",
                "from_port": 80,
                "ipv6_cidr_blocks": [],
                "prefix_list_ids": [],
                "protocol": "tcp",
                "security_groups": [],
                "self": false,
                "to_port": 80
              },
              {
                "cidr_blocks": [
                  "0.0.0.0/0"
                ],
                "description": "HTTPS",
                "from_port": 443,
                "ipv6_cidr_blocks": [],
                "prefix_list_ids": [],
                "protocol": "tcp",
                "security_groups": [],
                "self": false,
                "to_port": 443
              },
              {
                "cidr_blocks": [
                  "0.0.0.0/0"
                ],
                "description": "MySQL port",
                "from_port": 3306,
                "ipv6_cidr_blocks": [],
                "prefix_list_ids": [],
                "protocol": "tcp",
                "security_groups": [],
                "self": false,
                "to_port": 3306
              },
              {
                "cidr_blocks": [
                  "0.0.0.0/0"
                ],
                "description": "SSH from VPC",
                "from_port": 22,
                "ipv6_cidr_blocks": [],
                "prefix_list_ids": [],
                "protocol": "tcp",
                "security_groups": [],
                "self": false,
                "to_port": 22
              }
            ],
            "name": "learn-ec2-and-rds",
            "name_prefix": "",
            "owner_id": "481450237232",
            "revoke_rules_on_delete": false,
            "tags": null,
            "tags_all": {
              "hashicorp-learn": "aws-asg1"
            },
            "timeouts": null,
            "vpc_id": "vpc-0ea971302b2fc9a99"
          },
          "sensitive_attributes": [],
          "private": "eyJlMmJmYjczMC1lY2FhLTExZTYtOGY4OC0zNDM2M2JjN2M0YzAiOnsiY3JlYXRlIjo2MDAwMDAwMDAwMDAsImRlbGV0ZSI6OTAwMDAwMDAwMDAwfSwic2NoZW1hX3ZlcnNpb24iOiIxIn0=",
          "dependencies": [
            "module.alb_asg_ec2_efs_igw_rds.aws_vpc.vpc"
          ]
        }
      ]
    },
    {
      "module": "module.alb_asg_ec2_efs_igw_rds",
      "mode": "managed",
      "type": "aws_security_group",
      "name": "terramino_instance",
      "provider": "module.alb_asg_ec2_efs_igw_rds.provider[\"registry.terraform.io/hashicorp/aws\"]",
      "instances": [
        {
          "schema_version": 1,
          "attributes": {
            "arn": "arn:aws:ec2:us-east-1:481450237232:security-group/sg-0dde0ce4d1bafa5c2",
            "description": "Managed by Terraform",
            "egress": [
              {
                "cidr_blocks": [],
                "description": "",
                "from_port": 0,
                "ipv6_cidr_blocks": [],
                "prefix_list_ids": [],
                "protocol": "-1",
                "security_groups": [
                  "sg-0fa5c1ca3bd1d5fcb"
                ],
                "self": false,
                "to_port": 0
              }
            ],
            "id": "sg-0dde0ce4d1bafa5c2",
            "ingress": [
              {
                "cidr_blocks": [],
                "description": "",
                "from_port": 443,
                "ipv6_cidr_blocks": [],
                "prefix_list_ids": [],
                "protocol": "tcp",
                "security_groups": [
                  "sg-0fa5c1ca3bd1d5fcb"
                ],
                "self": false,
                "to_port": 443
              },
              {
                "cidr_blocks": [],
                "description": "",
                "from_port": 80,
                "ipv6_cidr_blocks": [],
                "prefix_list_ids": [],
                "protocol": "tcp",
                "security_groups": [
                  "sg-0fa5c1ca3bd1d5fcb"
                ],
                "self": false,
                "to_port": 80
              }
            ],
            "name": "learn-asg-terramino-instance",
            "name_prefix": "",
            "owner_id": "481450237232",
            "revoke_rules_on_delete": false,
            "tags": null,
            "tags_all": {
              "hashicorp-learn": "aws-asg1"
            },
            "timeouts": null,
            "vpc_id": "vpc-0ea971302b2fc9a99"
          },
          "sensitive_attributes": [],
          "private": "eyJlMmJmYjczMC1lY2FhLTExZTYtOGY4OC0zNDM2M2JjN2M0YzAiOnsiY3JlYXRlIjo2MDAwMDAwMDAwMDAsImRlbGV0ZSI6OTAwMDAwMDAwMDAwfSwic2NoZW1hX3ZlcnNpb24iOiIxIn0=",
          "dependencies": [
            "module.alb_asg_ec2_efs_igw_rds.aws_security_group.terramino_lb",
            "module.alb_asg_ec2_efs_igw_rds.aws_vpc.vpc"
          ],
          "create_before_destroy": true
        }
      ]
    },
    {
      "module": "module.alb_asg_ec2_efs_igw_rds",
      "mode": "managed",
      "type": "aws_security_group",
      "name": "terramino_lb",
      "provider": "module.alb_asg_ec2_efs_igw_rds.provider[\"registry.terraform.io/hashicorp/aws\"]",
      "instances": [
        {
          "schema_version": 1,
          "attributes": {
            "arn": "arn:aws:ec2:us-east-1:481450237232:security-group/sg-0fa5c1ca3bd1d5fcb",
            "description": "Managed by Terraform",
            "egress": [
              {
                "cidr_blocks": [
                  "0.0.0.0/0"
                ],
                "description": "",
                "from_port": 0,
                "ipv6_cidr_blocks": [],
                "prefix_list_ids": [],
                "protocol": "-1",
                "security_groups": [],
                "self": false,
                "to_port": 0
              }
            ],
            "id": "sg-0fa5c1ca3bd1d5fcb",
            "ingress": [
              {
                "cidr_blocks": [
                  "0.0.0.0/0"
                ],
                "description": "",
                "from_port": 443,
                "ipv6_cidr_blocks": [],
                "prefix_list_ids": [],
                "protocol": "tcp",
                "security_groups": [],
                "self": false,
                "to_port": 443
              },
              {
                "cidr_blocks": [
                  "0.0.0.0/0"
                ],
                "description": "",
                "from_port": 80,
                "ipv6_cidr_blocks": [],
                "prefix_list_ids": [],
                "protocol": "tcp",
                "security_groups": [],
                "self": false,
                "to_port": 80
              }
            ],
            "name": "learn-asg-terramino-lb",
            "name_prefix": "",
            "owner_id": "481450237232",
            "revoke_rules_on_delete": false,
            "tags": null,
            "tags_all": {
              "hashicorp-learn": "aws-asg1"
            },
            "timeouts": null,
            "vpc_id": "vpc-0ea971302b2fc9a99"
          },
          "sensitive_attributes": [],
          "private": "eyJlMmJmYjczMC1lY2FhLTExZTYtOGY4OC0zNDM2M2JjN2M0YzAiOnsiY3JlYXRlIjo2MDAwMDAwMDAwMDAsImRlbGV0ZSI6OTAwMDAwMDAwMDAwfSwic2NoZW1hX3ZlcnNpb24iOiIxIn0=",
          "dependencies": [
            "module.alb_asg_ec2_efs_igw_rds.aws_vpc.vpc"
          ],
          "create_before_destroy": true
        }
      ]
    },
    {
      "module": "module.alb_asg_ec2_efs_igw_rds",
      "mode": "managed",
      "type": "aws_subnet",
      "name": "subnet0",
      "provider": "module.alb_asg_ec2_efs_igw_rds.provider[\"registry.terraform.io/hashicorp/aws\"]",
      "instances": [
        {
          "schema_version": 1,
          "attributes": {
            "arn": "arn:aws:ec2:us-east-1:481450237232:subnet/subnet-0a153416b6bae1878",
            "assign_ipv6_address_on_creation": false,
            "availability_zone": "us-east-1a",
            "availability_zone_id": "use1-az1",
            "cidr_block": "10.0.1.0/24",
            "customer_owned_ipv4_pool": "",
            "enable_dns64": false,
            "enable_resource_name_dns_a_record_on_launch": false,
            "enable_resource_name_dns_aaaa_record_on_launch": false,
            "id": "subnet-0a153416b6bae1878",
            "ipv6_cidr_block": "",
            "ipv6_cidr_block_association_id": "",
            "ipv6_native": false,
            "map_customer_owned_ip_on_launch": false,
            "map_public_ip_on_launch": false,
            "outpost_arn": "",
            "owner_id": "481450237232",
            "private_dns_hostname_type_on_launch": "ip-name",
            "tags": null,
            "tags_all": {
              "hashicorp-learn": "aws-asg1"
            },
            "timeouts": null,
            "vpc_id": "vpc-0ea971302b2fc9a99"
          },
          "sensitive_attributes": [],
          "private": "eyJlMmJmYjczMC1lY2FhLTExZTYtOGY4OC0zNDM2M2JjN2M0YzAiOnsiY3JlYXRlIjo2MDAwMDAwMDAwMDAsImRlbGV0ZSI6MTIwMDAwMDAwMDAwMH0sInNjaGVtYV92ZXJzaW9uIjoiMSJ9",
          "dependencies": [
            "data.aws_availability_zones.available",
            "module.alb_asg_ec2_efs_igw_rds.aws_vpc.vpc"
          ]
        }
      ]
    },
    {
      "module": "module.alb_asg_ec2_efs_igw_rds",
      "mode": "managed",
      "type": "aws_subnet",
      "name": "subnet1",
      "provider": "module.alb_asg_ec2_efs_igw_rds.provider[\"registry.terraform.io/hashicorp/aws\"]",
      "instances": [
        {
          "schema_version": 1,
          "attributes": {
            "arn": "arn:aws:ec2:us-east-1:481450237232:subnet/subnet-08a3a12e105bac0e1",
            "assign_ipv6_address_on_creation": false,
            "availability_zone": "us-east-1b",
            "availability_zone_id": "use1-az2",
            "cidr_block": "10.0.2.0/24",
            "customer_owned_ipv4_pool": "",
            "enable_dns64": false,
            "enable_resource_name_dns_a_record_on_launch": false,
            "enable_resource_name_dns_aaaa_record_on_launch": false,
            "id": "subnet-08a3a12e105bac0e1",
            "ipv6_cidr_block": "",
            "ipv6_cidr_block_association_id": "",
            "ipv6_native": false,
            "map_customer_owned_ip_on_launch": false,
            "map_public_ip_on_launch": false,
            "outpost_arn": "",
            "owner_id": "481450237232",
            "private_dns_hostname_type_on_launch": "ip-name",
            "tags": null,
            "tags_all": {
              "hashicorp-learn": "aws-asg1"
            },
            "timeouts": null,
            "vpc_id": "vpc-0ea971302b2fc9a99"
          },
          "sensitive_attributes": [],
          "private": "eyJlMmJmYjczMC1lY2FhLTExZTYtOGY4OC0zNDM2M2JjN2M0YzAiOnsiY3JlYXRlIjo2MDAwMDAwMDAwMDAsImRlbGV0ZSI6MTIwMDAwMDAwMDAwMH0sInNjaGVtYV92ZXJzaW9uIjoiMSJ9",
          "dependencies": [
            "data.aws_availability_zones.available",
            "module.alb_asg_ec2_efs_igw_rds.aws_vpc.vpc"
          ]
        }
      ]
    },
    {
      "module": "module.alb_asg_ec2_efs_igw_rds",
      "mode": "managed",
      "type": "aws_subnet",
      "name": "subnet2",
      "provider": "module.alb_asg_ec2_efs_igw_rds.provider[\"registry.terraform.io/hashicorp/aws\"]",
      "instances": [
        {
          "schema_version": 1,
          "attributes": {
            "arn": "arn:aws:ec2:us-east-1:481450237232:subnet/subnet-001b4d1ffa217bb7f",
            "assign_ipv6_address_on_creation": false,
            "availability_zone": "us-east-1c",
            "availability_zone_id": "use1-az4",
            "cidr_block": "10.0.3.0/24",
            "customer_owned_ipv4_pool": "",
            "enable_dns64": false,
            "enable_resource_name_dns_a_record_on_launch": false,
            "enable_resource_name_dns_aaaa_record_on_launch": false,
            "id": "subnet-001b4d1ffa217bb7f",
            "ipv6_cidr_block": "",
            "ipv6_cidr_block_association_id": "",
            "ipv6_native": false,
            "map_customer_owned_ip_on_launch": false,
            "map_public_ip_on_launch": false,
            "outpost_arn": "",
            "owner_id": "481450237232",
            "private_dns_hostname_type_on_launch": "ip-name",
            "tags": null,
            "tags_all": {
              "hashicorp-learn": "aws-asg1"
            },
            "timeouts": null,
            "vpc_id": "vpc-0ea971302b2fc9a99"
          },
          "sensitive_attributes": [],
          "private": "eyJlMmJmYjczMC1lY2FhLTExZTYtOGY4OC0zNDM2M2JjN2M0YzAiOnsiY3JlYXRlIjo2MDAwMDAwMDAwMDAsImRlbGV0ZSI6MTIwMDAwMDAwMDAwMH0sInNjaGVtYV92ZXJzaW9uIjoiMSJ9",
          "dependencies": [
            "data.aws_availability_zones.available",
            "module.alb_asg_ec2_efs_igw_rds.aws_vpc.vpc"
          ]
        }
      ]
    },
    {
      "module": "module.alb_asg_ec2_efs_igw_rds",
      "mode": "managed",
      "type": "aws_subnet",
      "name": "subnet3",
      "provider": "module.alb_asg_ec2_efs_igw_rds.provider[\"registry.terraform.io/hashicorp/aws\"]",
      "instances": [
        {
          "schema_version": 1,
          "attributes": {
            "arn": "arn:aws:ec2:us-east-1:481450237232:subnet/subnet-09a0e98bffbee6dfe",
            "assign_ipv6_address_on_creation": false,
            "availability_zone": "us-east-1d",
            "availability_zone_id": "use1-az6",
            "cidr_block": "10.0.4.0/24",
            "customer_owned_ipv4_pool": "",
            "enable_dns64": false,
            "enable_resource_name_dns_a_record_on_launch": false,
            "enable_resource_name_dns_aaaa_record_on_launch": false,
            "id": "subnet-09a0e98bffbee6dfe",
            "ipv6_cidr_block": "",
            "ipv6_cidr_block_association_id": "",
            "ipv6_native": false,
            "map_customer_owned_ip_on_launch": false,
            "map_public_ip_on_launch": false,
            "outpost_arn": "",
            "owner_id": "481450237232",
            "private_dns_hostname_type_on_launch": "ip-name",
            "tags": null,
            "tags_all": {
              "hashicorp-learn": "aws-asg1"
            },
            "timeouts": null,
            "vpc_id": "vpc-0ea971302b2fc9a99"
          },
          "sensitive_attributes": [],
          "private": "eyJlMmJmYjczMC1lY2FhLTExZTYtOGY4OC0zNDM2M2JjN2M0YzAiOnsiY3JlYXRlIjo2MDAwMDAwMDAwMDAsImRlbGV0ZSI6MTIwMDAwMDAwMDAwMH0sInNjaGVtYV92ZXJzaW9uIjoiMSJ9",
          "dependencies": [
            "data.aws_availability_zones.available",
            "module.alb_asg_ec2_efs_igw_rds.aws_vpc.vpc"
          ]
        }
      ]
    },
    {
      "module": "module.alb_asg_ec2_efs_igw_rds",
      "mode": "managed",
      "type": "aws_vpc",
      "name": "vpc",
      "provider": "module.alb_asg_ec2_efs_igw_rds.provider[\"registry.terraform.io/hashicorp/aws\"]",
      "instances": [
        {
          "schema_version": 1,
          "attributes": {
            "arn": "arn:aws:ec2:us-east-1:481450237232:vpc/vpc-0ea971302b2fc9a99",
            "assign_generated_ipv6_cidr_block": false,
            "cidr_block": "10.0.0.0/16",
            "default_network_acl_id": "acl-03c56460a86a95a0d",
            "default_route_table_id": "rtb-0b3bb2a26a66c5110",
            "default_security_group_id": "sg-03ee9dbb950c61b6c",
            "dhcp_options_id": "dopt-03e1e7e9238fe30ad",
            "enable_classiclink": false,
            "enable_classiclink_dns_support": false,
            "enable_dns_hostnames": true,
            "enable_dns_support": true,
            "id": "vpc-0ea971302b2fc9a99",
            "instance_tenancy": "default",
            "ipv4_ipam_pool_id": null,
            "ipv4_netmask_length": null,
            "ipv6_association_id": "",
            "ipv6_cidr_block": "",
            "ipv6_cidr_block_network_border_group": "",
            "ipv6_ipam_pool_id": "",
            "ipv6_netmask_length": 0,
            "main_route_table_id": "rtb-0b3bb2a26a66c5110",
            "owner_id": "481450237232",
            "tags": {
              "Name": "terraform-vpc"
            },
            "tags_all": {
              "Name": "terraform-vpc",
              "hashicorp-learn": "aws-asg1"
            }
          },
          "sensitive_attributes": [],
          "private": "eyJzY2hlbWFfdmVyc2lvbiI6IjEifQ==",
          "create_before_destroy": true
        }
      ]
    },
    {
      "module": "module.alb_asg_ec2_efs_igw_rds",
      "mode": "managed",
      "type": "null_resource",
      "name": "configure_nfs",
      "provider": "provider[\"registry.terraform.io/hashicorp/null\"]",
      "instances": [
        {
          "schema_version": 0,
          "attributes": {
            "id": "8450049001498406175",
            "triggers": null
          },
          "sensitive_attributes": [],
          "private": "bnVsbA==",
          "dependencies": [
            "data.aws_ami.amazon-linux",
            "data.aws_availability_zones.available",
            "module.alb_asg_ec2_efs_igw_rds.aws_efs_file_system.efs",
            "module.alb_asg_ec2_efs_igw_rds.aws_efs_mount_target.mount",
            "module.alb_asg_ec2_efs_igw_rds.aws_instance.ec2",
            "module.alb_asg_ec2_efs_igw_rds.aws_key_pair.deployer",
            "module.alb_asg_ec2_efs_igw_rds.aws_security_group.terramino",
            "module.alb_asg_ec2_efs_igw_rds.aws_subnet.subnet0",
            "module.alb_asg_ec2_efs_igw_rds.aws_vpc.vpc",
            "module.alb_asg_ec2_efs_igw_rds.tls_private_key.my_key"
          ]
        }
      ]
    },
    {
      "module": "module.alb_asg_ec2_efs_igw_rds",
      "mode": "managed",
      "type": "tls_private_key",
      "name": "my_key",
      "provider": "provider[\"registry.terraform.io/hashicorp/tls\"]",
      "instances": [
        {
          "schema_version": 1,
          "attributes": {
            "algorithm": "RSA",
            "ecdsa_curve": "P224",
            "id": "f0b4676a7263945ef8b8dd987e6f40e92a59a26c",
            "private_key_openssh": "-----BEGIN OPENSSH PRIVATE KEY-----\nb3BlbnNzaC1rZXktdjEAAAAABG5vbmUAAAAEbm9uZQAAAAAAAAABAAABFwAAAAdz\nc2gtcnNhAAAAAwEAAQAAAQEAvc5+NhXDobETQ3x4nGB6W5hfqrtBNZKs6sQTjogE\n4ychtf2i7CEQ8ZwSNv7aoV8PBOtoZyo9IO0QY7qiuKkFfE6otmuFhbr/2Q6lpQwy\n82IGikQfa1dD16M58iEpSpfRHuvq4/R7vMvbnA1tgjWXsa+i8993TjEd8WKEof2E\nR/T5YKJZeS2eUKNl2NjeybAoSlwIGMRNbocyRObYM3y8qTO7Ua0s+kjale4O8b/E\nOGyJYvyPam+MkGHB+ZLIDVPSC0Ho3AugsyojMPuhJd4kcfWhejEZB6kJjA1sgG4l\nbRdMuiWrKMDkpRe7yR0nmeL65n2+lg6gxHhYueA8rd7vWQAAA7iM+otcjPqLXAAA\nAAdzc2gtcnNhAAABAQC9zn42FcOhsRNDfHicYHpbmF+qu0E1kqzqxBOOiATjJyG1\n/aLsIRDxnBI2/tqhXw8E62hnKj0g7RBjuqK4qQV8Tqi2a4WFuv/ZDqWlDDLzYgaK\nRB9rV0PXoznyISlKl9Ee6+rj9Hu8y9ucDW2CNZexr6Lz33dOMR3xYoSh/YRH9Plg\noll5LZ5Qo2XY2N7JsChKXAgYxE1uhzJE5tgzfLypM7tRrSz6SNqV7g7xv8Q4bIli\n/I9qb4yQYcH5ksgNU9ILQejcC6CzKiMw+6El3iRx9aF6MRkHqQmMDWyAbiVtF0y6\nJasowOSlF7vJHSeZ4vrmfb6WDqDEeFi54Dyt3u9ZAAAAAwEAAQAAAQAy7eJdvs9E\nZpAlrpNqWlTamPMqi54+ssGlKMGaoBK3pLtd6tW5iFHUkq0shovBexE7n7Le462N\nVS7to5mf9PJc3XpVoFoufPPDmTOHKtPNDIN2vDq2Aa9ZgBm/R3id5EifhGv9iI9f\nJFAj+lJk+t5eNiOCTnbjyzgemfG+yZih+bo0t2cSoZ1q+TA3seux+Otgeu+Hv7s7\nBuXRCMFozmyu28mCu/6EIf+R4zR0EovNfwdyz3ibsR4SXfTpZ74PkXaj2JIGxaN0\naBfPVueICtkwtILWoICClph5LG2/G0cyL10bizP8jX0sWciwspM5fhd92KNBgP2a\nM3oeF7mg0pX1AAAAgE1KkWVZjafQkqpSWriYJySbNvIg8WwB+2yVB04uk2vCqLJa\nivdiD8mR6JYp42KVPmsOBF3j5buQImjCjqHs5/wj1JqZZWE26Jfz7OIByUWHPBbh\nw0nB8I1U+vu1czg3SG0ylpBSF13kgHwaHpuITaL2/Ocs1dBX+prwJMNB5iq2AAAA\ngQDR8S0C21f5uWklzFXo3JjSwAzNIIO/2+mGySbQHPYE7e9NuwTsn9keL7CWl5Jl\ns14xsTw8YH1g0gV/8Ip9gs0MpW12OGqSdUJhIbR21wd1QvLOFHMnpWRLjJIx9tiC\nOpgj6II2aW5eg8Dj8Q1DuMruoKmKl+t36TjXVrZ5fNld7wAAAIEA53J2hUYkfNMc\nGRu49vJd4F9umjY8WJmlPgJfdnyUSwYaOC7D1brJl2Ubnj4JcTYgMPkHGT3kdfeS\nho3KYmWdWOh4FH0OQDfiiw3EpC/phM/sZhSXa7oQwVIOEzG99VcspCeKODRrO415\nxFCcov5wH4xcINyT8BP23yG2mWrBTzcAAAAAAQID\n-----END OPENSSH PRIVATE KEY-----\n",
            "private_key_pem": "-----BEGIN RSA PRIVATE KEY-----\nMIIEogIBAAKCAQEAvc5+NhXDobETQ3x4nGB6W5hfqrtBNZKs6sQTjogE4ychtf2i\n7CEQ8ZwSNv7aoV8PBOtoZyo9IO0QY7qiuKkFfE6otmuFhbr/2Q6lpQwy82IGikQf\na1dD16M58iEpSpfRHuvq4/R7vMvbnA1tgjWXsa+i8993TjEd8WKEof2ER/T5YKJZ\neS2eUKNl2NjeybAoSlwIGMRNbocyRObYM3y8qTO7Ua0s+kjale4O8b/EOGyJYvyP\nam+MkGHB+ZLIDVPSC0Ho3AugsyojMPuhJd4kcfWhejEZB6kJjA1sgG4lbRdMuiWr\nKMDkpRe7yR0nmeL65n2+lg6gxHhYueA8rd7vWQIDAQABAoIBADLt4l2+z0RmkCWu\nk2paVNqY8yqLnj6ywaUowZqgEreku13q1bmIUdSSrSyGi8F7ETufst7jrY1VLu2j\nmZ/08lzdelWgWi5888OZM4cq080Mg3a8OrYBr1mAGb9HeJ3kSJ+Ea/2Ij18kUCP6\nUmT63l42I4JOduPLOB6Z8b7JmKH5ujS3ZxKhnWr5MDex67H462B674e/uzsG5dEI\nwWjObK7byYK7/oQh/5HjNHQSi81/B3LPeJuxHhJd9Olnvg+RdqPYkgbFo3RoF89W\n54gK2TC0gtaggIKWmHksbb8bRzIvXRuLM/yNfSxZyLCykzl+F33Yo0GA/Zozeh4X\nuaDSlfUCgYEA0fEtAttX+blpJcxV6NyY0sAMzSCDv9vphskm0Bz2BO3vTbsE7J/Z\nHi+wlpeSZbNeMbE8PGB9YNIFf/CKfYLNDKVtdjhqknVCYSG0dtcHdULyzhRzJ6Vk\nS4ySMfbYgjqYI+iCNmluXoPA4/ENQ7jK7qCpipfrd+k411a2eXzZXe8CgYEA53J2\nhUYkfNMcGRu49vJd4F9umjY8WJmlPgJfdnyUSwYaOC7D1brJl2Ubnj4JcTYgMPkH\nGT3kdfeSho3KYmWdWOh4FH0OQDfiiw3EpC/phM/sZhSXa7oQwVIOEzG99VcspCeK\nODRrO415xFCcov5wH4xcINyT8BP23yG2mWrBTzcCgYBVZYbrnJFCkTrGF0HywJih\nUWFjpxAwYKGzI+tXyBACnU40DhjIr5S/hKKN/wWbvMRZ7kAURyN42LVH/24185i4\nximqZvRisrPXksA3fuwXtK3TSdo1jD8pw/pLvJ8BChiMsq0UuPoeE/XIQmsk2uwg\n+NU9/OHZGtL2NN1wuWopnQKBgCX7V83pQ+WkM3E/ZmxIO/WtU5ZFHkQf+skhVI86\nRI/HUZg0vHifraOFuTGP1rbYfhHrXCndSVe+qDIipLrfGCJWDBa4qxUI1smhGcsj\n/buI76+U44CPSV6gW6T0vcq8YpwRzRIKMCrWvcvkur/Y54eV3iyaZkC41gOqIbAt\nn8mjAoGATUqRZVmNp9CSqlJauJgnJJs28iDxbAH7bJUHTi6Ta8KoslqK92IPyZHo\nlinjYpU+aw4EXePlu5AiaMKOoezn/CPUmpllYTbol/Ps4gHJRYc8FuHDScHwjVT6\n+7VzODdIbTKWkFIXXeSAfBoem4hNovb85yzV0Ff6mvAkw0HmKrY=\n-----END RSA PRIVATE KEY-----\n",
            "private_key_pem_pkcs8": "-----BEGIN PRIVATE KEY-----\nMIIEvAIBADANBgkqhkiG9w0BAQEFAASCBKYwggSiAgEAAoIBAQC9zn42FcOhsRND\nfHicYHpbmF+qu0E1kqzqxBOOiATjJyG1/aLsIRDxnBI2/tqhXw8E62hnKj0g7RBj\nuqK4qQV8Tqi2a4WFuv/ZDqWlDDLzYgaKRB9rV0PXoznyISlKl9Ee6+rj9Hu8y9uc\nDW2CNZexr6Lz33dOMR3xYoSh/YRH9Plgoll5LZ5Qo2XY2N7JsChKXAgYxE1uhzJE\n5tgzfLypM7tRrSz6SNqV7g7xv8Q4bIli/I9qb4yQYcH5ksgNU9ILQejcC6CzKiMw\n+6El3iRx9aF6MRkHqQmMDWyAbiVtF0y6JasowOSlF7vJHSeZ4vrmfb6WDqDEeFi5\n4Dyt3u9ZAgMBAAECggEAMu3iXb7PRGaQJa6TalpU2pjzKouePrLBpSjBmqASt6S7\nXerVuYhR1JKtLIaLwXsRO5+y3uOtjVUu7aOZn/TyXN16VaBaLnzzw5kzhyrTzQyD\ndrw6tgGvWYAZv0d4neRIn4Rr/YiPXyRQI/pSZPreXjYjgk5248s4HpnxvsmYofm6\nNLdnEqGdavkwN7HrsfjrYHrvh7+7Owbl0QjBaM5srtvJgrv+hCH/keM0dBKLzX8H\ncs94m7EeEl306We+D5F2o9iSBsWjdGgXz1bniArZMLSC1qCAgpaYeSxtvxtHMi9d\nG4sz/I19LFnIsLKTOX4XfdijQYD9mjN6Hhe5oNKV9QKBgQDR8S0C21f5uWklzFXo\n3JjSwAzNIIO/2+mGySbQHPYE7e9NuwTsn9keL7CWl5Jls14xsTw8YH1g0gV/8Ip9\ngs0MpW12OGqSdUJhIbR21wd1QvLOFHMnpWRLjJIx9tiCOpgj6II2aW5eg8Dj8Q1D\nuMruoKmKl+t36TjXVrZ5fNld7wKBgQDncnaFRiR80xwZG7j28l3gX26aNjxYmaU+\nAl92fJRLBho4LsPVusmXZRuePglxNiAw+QcZPeR195KGjcpiZZ1Y6HgUfQ5AN+KL\nDcSkL+mEz+xmFJdruhDBUg4TMb31VyykJ4o4NGs7jXnEUJyi/nAfjFwg3JPwE/bf\nIbaZasFPNwKBgFVlhuuckUKROsYXQfLAmKFRYWOnEDBgobMj61fIEAKdTjQOGMiv\nlL+Eoo3/BZu8xFnuQBRHI3jYtUf/bjXzmLjGKapm9GKys9eSwDd+7Be0rdNJ2jWM\nPynD+ku8nwEKGIyyrRS4+h4T9chCayTa7CD41T384dka0vY03XC5aimdAoGAJftX\nzelD5aQzcT9mbEg79a1TlkUeRB/6ySFUjzpEj8dRmDS8eJ+to4W5MY/Wtth+Eetc\nKd1JV76oMiKkut8YIlYMFrirFQjWyaEZyyP9u4jvr5TjgI9JXqBbpPS9yrxinBHN\nEgowKta9y+S6v9jnh5XeLJpmQLjWA6ohsC2fyaMCgYBNSpFlWY2n0JKqUlq4mCck\nmzbyIPFsAftslQdOLpNrwqiyWor3Yg/JkeiWKeNilT5rDgRd4+W7kCJowo6h7Of8\nI9SamWVhNuiX8+ziAclFhzwW4cNJwfCNVPr7tXM4N0htMpaQUhdd5IB8Gh6biE2i\n9vznLNXQV/qa8CTDQeYqtg==\n-----END PRIVATE KEY-----\n",
            "public_key_fingerprint_md5": "f5:ca:26:9a:f5:cd:59:9f:4e:b0:64:a1:c6:72:f7:90",
            "public_key_fingerprint_sha256": "SHA256:TDWbIYett8yv45U1ASF0PXqMX2uOs+qBJiY9us/D5j0",
            "public_key_openssh": "ssh-rsa AAAAB3NzaC1yc2EAAAADAQABAAABAQC9zn42FcOhsRNDfHicYHpbmF+qu0E1kqzqxBOOiATjJyG1/aLsIRDxnBI2/tqhXw8E62hnKj0g7RBjuqK4qQV8Tqi2a4WFuv/ZDqWlDDLzYgaKRB9rV0PXoznyISlKl9Ee6+rj9Hu8y9ucDW2CNZexr6Lz33dOMR3xYoSh/YRH9Plgoll5LZ5Qo2XY2N7JsChKXAgYxE1uhzJE5tgzfLypM7tRrSz6SNqV7g7xv8Q4bIli/I9qb4yQYcH5ksgNU9ILQejcC6CzKiMw+6El3iRx9aF6MRkHqQmMDWyAbiVtF0y6JasowOSlF7vJHSeZ4vrmfb6WDqDEeFi54Dyt3u9Z\n",
            "public_key_pem": "-----BEGIN PUBLIC KEY-----\nMIIBIjANBgkqhkiG9w0BAQEFAAOCAQ8AMIIBCgKCAQEAvc5+NhXDobETQ3x4nGB6\nW5hfqrtBNZKs6sQTjogE4ychtf2i7CEQ8ZwSNv7aoV8PBOtoZyo9IO0QY7qiuKkF\nfE6otmuFhbr/2Q6lpQwy82IGikQfa1dD16M58iEpSpfRHuvq4/R7vMvbnA1tgjWX\nsa+i8993TjEd8WKEof2ER/T5YKJZeS2eUKNl2NjeybAoSlwIGMRNbocyRObYM3y8\nqTO7Ua0s+kjale4O8b/EOGyJYvyPam+MkGHB+ZLIDVPSC0Ho3AugsyojMPuhJd4k\ncfWhejEZB6kJjA1sgG4lbRdMuiWrKMDkpRe7yR0nmeL65n2+lg6gxHhYueA8rd7v\nWQIDAQAB\n-----END PUBLIC KEY-----\n",
            "rsa_bits": 2048
          },
          "sensitive_attributes": []
        }
      ]
    }
  ],
  "check_results": []
}
