{
  "version": 4,
  "terraform_version": "1.3.0",
  "serial": 387,
  "lineage": "fab753a5-da4f-970d-bc2a-63eeef9b0d07",
  "outputs": {},
  "resources": [
    {
      "mode": "data",
      "type": "aws_availability_zones",
      "name": "available",
      "provider": "provider[\"registry.terraform.io/hashicorp/aws\"]",
      "instances": [
        {
          "schema_version": 0,
          "attributes": {
            "all_availability_zones": null,
            "exclude_names": null,
            "exclude_zone_ids": null,
            "filter": null,
            "group_names": [
              "us-east-1"
            ],
            "id": "us-east-1",
            "names": [
              "us-east-1a",
              "us-east-1b",
              "us-east-1c",
              "us-east-1d",
              "us-east-1e",
              "us-east-1f"
            ],
            "state": "available",
            "timeouts": null,
            "zone_ids": [
              "use1-az1",
              "use1-az2",
              "use1-az4",
              "use1-az6",
              "use1-az3",
              "use1-az5"
            ]
          },
          "sensitive_attributes": []
        }
      ]
    },
    {
      "module": "module.alb_asg_ec2_efs_igw_rds",
      "mode": "data",
      "type": "aws_secretsmanager_secret_version",
      "name": "MySQL",
      "provider": "module.alb_asg_ec2_efs_igw_rds.provider[\"registry.terraform.io/hashicorp/aws\"]",
      "instances": [
        {
          "schema_version": 0,
          "attributes": {
            "arn": "arn:aws:secretsmanager:us-east-1:481450237232:secret:MySQL-qvHcwv",
            "id": "MySQL|AWSCURRENT",
            "secret_binary": "",
            "secret_id": "MySQL",
            "secret_string": "{\n\"username\":\"admin01\",\n\"password\":\"hello_world890321\"\n}",
            "version_id": "75d0d741-4cb0-485c-92cc-48f2d0408923",
            "version_stage": "AWSCURRENT",
            "version_stages": [
              "AWSCURRENT"
            ]
          },
          "sensitive_attributes": []
        }
      ]
    },
    {
      "module": "module.alb_asg_ec2_efs_igw_rds",
      "mode": "managed",
      "type": "aws_db_instance",
      "name": "rds_instance",
      "provider": "module.alb_asg_ec2_efs_igw_rds.provider[\"registry.terraform.io/hashicorp/aws\"]",
      "instances": [
        {
          "schema_version": 1,
          "attributes": {
            "address": "rds-terraform.cics2mfiv0yw.us-east-1.rds.amazonaws.com",
            "allocated_storage": 20,
            "allow_major_version_upgrade": null,
            "apply_immediately": null,
            "arn": "arn:aws:rds:us-east-1:481450237232:db:rds-terraform",
            "auto_minor_version_upgrade": true,
            "availability_zone": "us-east-1d",
            "backup_retention_period": 0,
            "backup_window": "04:20-04:50",
            "ca_cert_identifier": "rds-ca-2019",
            "character_set_name": "",
            "copy_tags_to_snapshot": false,
            "custom_iam_instance_profile": "",
            "customer_owned_ip_enabled": false,
            "db_name": "test",
            "db_subnet_group_name": "learn-rds",
            "delete_automated_backups": true,
            "deletion_protection": false,
            "domain": "",
            "domain_iam_role_name": "",
            "enabled_cloudwatch_logs_exports": [],
            "endpoint": "rds-terraform.cics2mfiv0yw.us-east-1.rds.amazonaws.com:3306",
            "engine": "mysql",
            "engine_version": "8.0.27",
            "engine_version_actual": "8.0.27",
            "final_snapshot_identifier": null,
            "hosted_zone_id": "Z2R2ITUGPM61AM",
            "iam_database_authentication_enabled": false,
            "id": "rds-terraform",
            "identifier": "rds-terraform",
            "identifier_prefix": "",
            "instance_class": "db.t2.micro",
            "iops": 0,
            "kms_key_id": "",
            "latest_restorable_time": "",
            "license_model": "general-public-license",
            "maintenance_window": "mon:07:59-mon:08:29",
            "max_allocated_storage": 0,
            "monitoring_interval": 0,
            "monitoring_role_arn": "",
            "multi_az": false,
            "name": "test",
            "nchar_character_set_name": "",
            "network_type": "IPV4",
            "option_group_name": "default:mysql-8-0",
            "parameter_group_name": "default.mysql8.0",
            "password": "hello_world890321",
            "performance_insights_enabled": false,
            "performance_insights_kms_key_id": "",
            "performance_insights_retention_period": 0,
            "port": 3306,
            "publicly_accessible": false,
            "replica_mode": "",
            "replicas": [],
            "replicate_source_db": "",
            "resource_id": "db-WKLNCAUUGPKOKPIPDDNULZXGGE",
            "restore_to_point_in_time": [],
            "s3_import": [],
            "security_group_names": [],
            "skip_final_snapshot": true,
            "snapshot_identifier": null,
            "status": "available",
            "storage_encrypted": false,
            "storage_type": "gp2",
            "tags": {
              "Name": "RDSServerInstance"
            },
            "tags_all": {
              "Name": "RDSServerInstance",
              "hashicorp-learn": "aws-asg1"
            },
            "timeouts": null,
            "timezone": "",
            "username": "admin01",
            "vpc_security_group_ids": [
              "sg-070806ed525188af8"
            ]
          },
          "sensitive_attributes": [
            [
              {
                "type": "get_attr",
                "value": "username"
              }
            ],
            [
              {
                "type": "get_attr",
                "value": "password"
              }
            ]
          ],
          "private": "eyJlMmJmYjczMC1lY2FhLTExZTYtOGY4OC0zNDM2M2JjN2M0YzAiOnsiY3JlYXRlIjoyNDAwMDAwMDAwMDAwLCJkZWxldGUiOjM2MDAwMDAwMDAwMDAsInVwZGF0ZSI6NDgwMDAwMDAwMDAwMH0sInNjaGVtYV92ZXJzaW9uIjoiMSJ9",
          "dependencies": [
            "data.aws_availability_zones.available",
            "module.alb_asg_ec2_efs_igw_rds.aws_db_subnet_group._",
            "module.alb_asg_ec2_efs_igw_rds.aws_security_group.rds",
            "module.alb_asg_ec2_efs_igw_rds.aws_subnet.subnet2",
            "module.alb_asg_ec2_efs_igw_rds.aws_subnet.subnet3",
            "module.alb_asg_ec2_efs_igw_rds.aws_vpc.vpc",
            "module.alb_asg_ec2_efs_igw_rds.data.aws_secretsmanager_secret_version.MySQL"
          ]
        }
      ]
    },
    {
      "module": "module.alb_asg_ec2_efs_igw_rds",
      "mode": "managed",
      "type": "aws_db_subnet_group",
      "name": "_",
      "provider": "module.alb_asg_ec2_efs_igw_rds.provider[\"registry.terraform.io/hashicorp/aws\"]",
      "instances": [
        {
          "schema_version": 0,
          "attributes": {
            "arn": "arn:aws:rds:us-east-1:481450237232:subgrp:learn-rds",
            "description": "Managed by Terraform",
            "id": "learn-rds",
            "name": "learn-rds",
            "name_prefix": "",
            "subnet_ids": [
              "subnet-001b4d1ffa217bb7f",
              "subnet-09a0e98bffbee6dfe"
            ],
            "supported_network_types": [
              "IPV4"
            ],
            "tags": {
              "Name": "learn rds"
            },
            "tags_all": {
              "Name": "learn rds",
              "hashicorp-learn": "aws-asg1"
            }
          },
          "sensitive_attributes": [],
          "private": "bnVsbA==",
          "dependencies": [
            "data.aws_availability_zones.available",
            "module.alb_asg_ec2_efs_igw_rds.aws_subnet.subnet2",
            "module.alb_asg_ec2_efs_igw_rds.aws_subnet.subnet3",
            "module.alb_asg_ec2_efs_igw_rds.aws_vpc.vpc"
          ]
        }
      ]
    },
    {
      "module": "module.alb_asg_ec2_efs_igw_rds",
      "mode": "managed",
      "type": "aws_security_group",
      "name": "rds",
      "provider": "module.alb_asg_ec2_efs_igw_rds.provider[\"registry.terraform.io/hashicorp/aws\"]",
      "instances": [
        {
          "schema_version": 1,
          "attributes": {
            "arn": "arn:aws:ec2:us-east-1:481450237232:security-group/sg-070806ed525188af8",
            "description": "Managed by Terraform",
            "egress": [
              {
                "cidr_blocks": [
                  "0.0.0.0/0"
                ],
                "description": "",
                "from_port": 0,
                "ipv6_cidr_blocks": [],
                "prefix_list_ids": [],
                "protocol": "-1",
                "security_groups": [],
                "self": false,
                "to_port": 0
              }
            ],
            "id": "sg-070806ed525188af8",
            "ingress": [
              {
                "cidr_blocks": [
                  "0.0.0.0/0"
                ],
                "description": "MySQL port",
                "from_port": 3306,
                "ipv6_cidr_blocks": [],
                "prefix_list_ids": [],
                "protocol": "tcp",
                "security_groups": [],
                "self": false,
                "to_port": 3306
              }
            ],
            "name": "learn-rds",
            "name_prefix": "",
            "owner_id": "481450237232",
            "revoke_rules_on_delete": false,
            "tags": {},
            "tags_all": {
              "hashicorp-learn": "aws-asg1"
            },
            "timeouts": null,
            "vpc_id": "vpc-0ea971302b2fc9a99"
          },
          "sensitive_attributes": [],
          "private": "eyJlMmJmYjczMC1lY2FhLTExZTYtOGY4OC0zNDM2M2JjN2M0YzAiOnsiY3JlYXRlIjo2MDAwMDAwMDAwMDAsImRlbGV0ZSI6OTAwMDAwMDAwMDAwfSwic2NoZW1hX3ZlcnNpb24iOiIxIn0=",
          "dependencies": [
            "module.alb_asg_ec2_efs_igw_rds.aws_vpc.vpc"
          ]
        }
      ]
    },
    {
      "module": "module.alb_asg_ec2_efs_igw_rds",
      "mode": "managed",
      "type": "aws_subnet",
      "name": "subnet2",
      "provider": "module.alb_asg_ec2_efs_igw_rds.provider[\"registry.terraform.io/hashicorp/aws\"]",
      "instances": [
        {
          "schema_version": 1,
          "attributes": {
            "arn": "arn:aws:ec2:us-east-1:481450237232:subnet/subnet-001b4d1ffa217bb7f",
            "assign_ipv6_address_on_creation": false,
            "availability_zone": "us-east-1c",
            "availability_zone_id": "use1-az4",
            "cidr_block": "10.0.3.0/24",
            "customer_owned_ipv4_pool": "",
            "enable_dns64": false,
            "enable_resource_name_dns_a_record_on_launch": false,
            "enable_resource_name_dns_aaaa_record_on_launch": false,
            "id": "subnet-001b4d1ffa217bb7f",
            "ipv6_cidr_block": "",
            "ipv6_cidr_block_association_id": "",
            "ipv6_native": false,
            "map_customer_owned_ip_on_launch": false,
            "map_public_ip_on_launch": false,
            "outpost_arn": "",
            "owner_id": "481450237232",
            "private_dns_hostname_type_on_launch": "ip-name",
            "tags": {},
            "tags_all": {
              "hashicorp-learn": "aws-asg1"
            },
            "timeouts": null,
            "vpc_id": "vpc-0ea971302b2fc9a99"
          },
          "sensitive_attributes": [],
          "private": "eyJlMmJmYjczMC1lY2FhLTExZTYtOGY4OC0zNDM2M2JjN2M0YzAiOnsiY3JlYXRlIjo2MDAwMDAwMDAwMDAsImRlbGV0ZSI6MTIwMDAwMDAwMDAwMH0sInNjaGVtYV92ZXJzaW9uIjoiMSJ9",
          "dependencies": [
            "data.aws_availability_zones.available",
            "module.alb_asg_ec2_efs_igw_rds.aws_vpc.vpc"
          ]
        }
      ]
    },
    {
      "module": "module.alb_asg_ec2_efs_igw_rds",
      "mode": "managed",
      "type": "aws_subnet",
      "name": "subnet3",
      "provider": "module.alb_asg_ec2_efs_igw_rds.provider[\"registry.terraform.io/hashicorp/aws\"]",
      "instances": [
        {
          "schema_version": 1,
          "attributes": {
            "arn": "arn:aws:ec2:us-east-1:481450237232:subnet/subnet-09a0e98bffbee6dfe",
            "assign_ipv6_address_on_creation": false,
            "availability_zone": "us-east-1d",
            "availability_zone_id": "use1-az6",
            "cidr_block": "10.0.4.0/24",
            "customer_owned_ipv4_pool": "",
            "enable_dns64": false,
            "enable_resource_name_dns_a_record_on_launch": false,
            "enable_resource_name_dns_aaaa_record_on_launch": false,
            "id": "subnet-09a0e98bffbee6dfe",
            "ipv6_cidr_block": "",
            "ipv6_cidr_block_association_id": "",
            "ipv6_native": false,
            "map_customer_owned_ip_on_launch": false,
            "map_public_ip_on_launch": false,
            "outpost_arn": "",
            "owner_id": "481450237232",
            "private_dns_hostname_type_on_launch": "ip-name",
            "tags": {},
            "tags_all": {
              "hashicorp-learn": "aws-asg1"
            },
            "timeouts": null,
            "vpc_id": "vpc-0ea971302b2fc9a99"
          },
          "sensitive_attributes": [],
          "private": "eyJlMmJmYjczMC1lY2FhLTExZTYtOGY4OC0zNDM2M2JjN2M0YzAiOnsiY3JlYXRlIjo2MDAwMDAwMDAwMDAsImRlbGV0ZSI6MTIwMDAwMDAwMDAwMH0sInNjaGVtYV92ZXJzaW9uIjoiMSJ9",
          "dependencies": [
            "data.aws_availability_zones.available",
            "module.alb_asg_ec2_efs_igw_rds.aws_vpc.vpc"
          ]
        }
      ]
    },
    {
      "module": "module.alb_asg_ec2_efs_igw_rds",
      "mode": "managed",
      "type": "aws_vpc",
      "name": "vpc",
      "provider": "module.alb_asg_ec2_efs_igw_rds.provider[\"registry.terraform.io/hashicorp/aws\"]",
      "instances": [
        {
          "schema_version": 1,
          "attributes": {
            "arn": "arn:aws:ec2:us-east-1:481450237232:vpc/vpc-0ea971302b2fc9a99",
            "assign_generated_ipv6_cidr_block": false,
            "cidr_block": "10.0.0.0/16",
            "default_network_acl_id": "acl-03c56460a86a95a0d",
            "default_route_table_id": "rtb-0b3bb2a26a66c5110",
            "default_security_group_id": "sg-03ee9dbb950c61b6c",
            "dhcp_options_id": "dopt-03e1e7e9238fe30ad",
            "enable_classiclink": false,
            "enable_classiclink_dns_support": false,
            "enable_dns_hostnames": true,
            "enable_dns_support": true,
            "id": "vpc-0ea971302b2fc9a99",
            "instance_tenancy": "default",
            "ipv4_ipam_pool_id": null,
            "ipv4_netmask_length": null,
            "ipv6_association_id": "",
            "ipv6_cidr_block": "",
            "ipv6_cidr_block_network_border_group": "",
            "ipv6_ipam_pool_id": "",
            "ipv6_netmask_length": 0,
            "main_route_table_id": "rtb-0b3bb2a26a66c5110",
            "owner_id": "481450237232",
            "tags": {
              "Name": "terraform-vpc"
            },
            "tags_all": {
              "Name": "terraform-vpc",
              "hashicorp-learn": "aws-asg1"
            }
          },
          "sensitive_attributes": [],
          "private": "eyJzY2hlbWFfdmVyc2lvbiI6IjEifQ==",
          "create_before_destroy": true
        }
      ]
    }
  ],
  "check_results": null
}
